// !$*UTF8*$!
{
	archiveVersion = 1;
	classes = {
	};
	objectVersion = 56;
	objects = {

/* Begin PBXBuildFile section */
		142AA44BF6EC1FC9175AA5BC /* Pods_ScoutCamp.framework in Frameworks */ = {isa = PBXBuildFile; fileRef = C71F63815B6CBEE12D0EDF47 /* Pods_ScoutCamp.framework */; };
		3F0D58F22A483A410072EF1F /* Error.swift in Sources */ = {isa = PBXBuildFile; fileRef = 3F0D58F12A483A410072EF1F /* Error.swift */; };
		3F0D58F42A4845890072EF1F /* GoogleService-Info.plist in Resources */ = {isa = PBXBuildFile; fileRef = 3F0D58F32A4845890072EF1F /* GoogleService-Info.plist */; };
		3F0D58F72A484BE40072EF1F /* FirebaseAnalytics in Frameworks */ = {isa = PBXBuildFile; productRef = 3F0D58F62A484BE40072EF1F /* FirebaseAnalytics */; };
		3F0D58F92A484BE40072EF1F /* FirebaseAuth in Frameworks */ = {isa = PBXBuildFile; productRef = 3F0D58F82A484BE40072EF1F /* FirebaseAuth */; };
		3F0D58FB2A484BE40072EF1F /* FirebaseCrashlytics in Frameworks */ = {isa = PBXBuildFile; productRef = 3F0D58FA2A484BE40072EF1F /* FirebaseCrashlytics */; };
		3F0D58FF2A48BE7D0072EF1F /* AuthService.swift in Sources */ = {isa = PBXBuildFile; fileRef = 3F0D58FE2A48BE7D0072EF1F /* AuthService.swift */; };
		3F1421CD2AC9A9B400EA364A /* MyTeamsScreen.swift in Sources */ = {isa = PBXBuildFile; fileRef = 3F1421CC2AC9A9B400EA364A /* MyTeamsScreen.swift */; };
		3F1421CF2AC9AA1900EA364A /* MyTeamsViewModel.swift in Sources */ = {isa = PBXBuildFile; fileRef = 3F1421CE2AC9AA1900EA364A /* MyTeamsViewModel.swift */; };
		3F1421D12AC9AB4500EA364A /* TeamsService.swift in Sources */ = {isa = PBXBuildFile; fileRef = 3F1421D02AC9AB4500EA364A /* TeamsService.swift */; };
		3F1421D32AC9AB8A00EA364A /* BaseService.swift in Sources */ = {isa = PBXBuildFile; fileRef = 3F1421D22AC9AB8A00EA364A /* BaseService.swift */; };
		3F1421D52AC9B09400EA364A /* FirebaseFirestoreSwift in Frameworks */ = {isa = PBXBuildFile; productRef = 3F1421D42AC9B09400EA364A /* FirebaseFirestoreSwift */; };
		3F1421D82AC9B78300EA364A /* Team.swift in Sources */ = {isa = PBXBuildFile; fileRef = 3F1421D72AC9B78300EA364A /* Team.swift */; };
		3F1421DE2ACA084500EA364A /* CreateEditTeamScreen.swift in Sources */ = {isa = PBXBuildFile; fileRef = 3F1421DD2ACA084500EA364A /* CreateEditTeamScreen.swift */; };
		3F1421E12ACA086200EA364A /* CreateEditTeamViewModel.swift in Sources */ = {isa = PBXBuildFile; fileRef = 3F1421E02ACA086200EA364A /* CreateEditTeamViewModel.swift */; };
		3F1E132A2A38F17300CB64FD /* Preview Assets.xcassets in Resources */ = {isa = PBXBuildFile; fileRef = 3F1E13292A38F17300CB64FD /* Preview Assets.xcassets */; };
		3F1E132F2A38F43900CB64FD /* Podfile.lock in Resources */ = {isa = PBXBuildFile; fileRef = 3F1E132C2A38F43900CB64FD /* Podfile.lock */; };
		3F1E13302A38F43900CB64FD /* README.md in Resources */ = {isa = PBXBuildFile; fileRef = 3F1E132D2A38F43900CB64FD /* README.md */; };
		3F1E13312A38F43900CB64FD /* Podfile in Resources */ = {isa = PBXBuildFile; fileRef = 3F1E132E2A38F43900CB64FD /* Podfile */; };
		3F286EAC2A49A9FA00BA00BE /* HomeScreen.swift in Sources */ = {isa = PBXBuildFile; fileRef = 3F286EAB2A49A9FA00BA00BE /* HomeScreen.swift */; };
		3F2E55E52A39DD6B00E3BC30 /* LoginViewModel.swift in Sources */ = {isa = PBXBuildFile; fileRef = 3F2E55E42A39DD6B00E3BC30 /* LoginViewModel.swift */; };
		3F2E55E72A39DDD000E3BC30 /* LoginScreen.swift in Sources */ = {isa = PBXBuildFile; fileRef = 3F2E55E62A39DDD000E3BC30 /* LoginScreen.swift */; };
		3F2E55EA2A39DE3500E3BC30 /* ActivityIndicatorModifier.swift in Sources */ = {isa = PBXBuildFile; fileRef = 3F2E55E92A39DE3500E3BC30 /* ActivityIndicatorModifier.swift */; };
		3F2E55FE2A3C49B700E3BC30 /* RegisterViewModel.swift in Sources */ = {isa = PBXBuildFile; fileRef = 3F2E55FD2A3C49B700E3BC30 /* RegisterViewModel.swift */; };
		3F2E56002A3C4E1500E3BC30 /* Color+Extensions.swift in Sources */ = {isa = PBXBuildFile; fileRef = 3F2E55FF2A3C4E1500E3BC30 /* Color+Extensions.swift */; };
		3F2E56042A3C5BE400E3BC30 /* View+Extensions.swift in Sources */ = {isa = PBXBuildFile; fileRef = 3F2E56032A3C5BE400E3BC30 /* View+Extensions.swift */; };
		3F2E56072A3C5FE200E3BC30 /* ButtonStyles.swift in Sources */ = {isa = PBXBuildFile; fileRef = 3F2E56062A3C5FE200E3BC30 /* ButtonStyles.swift */; };
		3F2E56092A3C611400E3BC30 /* RegisterScreen.swift in Sources */ = {isa = PBXBuildFile; fileRef = 3F2E56082A3C611400E3BC30 /* RegisterScreen.swift */; };
		3F2E560B2A3C797F00E3BC30 /* Validation.swift in Sources */ = {isa = PBXBuildFile; fileRef = 3F2E560A2A3C797F00E3BC30 /* Validation.swift */; };
		3F2E560D2A3C8A7E00E3BC30 /* EntryField.swift in Sources */ = {isa = PBXBuildFile; fileRef = 3F2E560C2A3C8A7E00E3BC30 /* EntryField.swift */; };
		3F38141F2AE29BBB00B4C0E3 /* FirebaseDictionary.swift in Sources */ = {isa = PBXBuildFile; fileRef = 3F38141E2AE29BBB00B4C0E3 /* FirebaseDictionary.swift */; };
		3F3814212AE29DD100B4C0E3 /* CategorizationPeriod.swift in Sources */ = {isa = PBXBuildFile; fileRef = 3F3814202AE29DD100B4C0E3 /* CategorizationPeriod.swift */; };
		3F3814232AE29EBD00B4C0E3 /* Category.swift in Sources */ = {isa = PBXBuildFile; fileRef = 3F3814222AE29EBD00B4C0E3 /* Category.swift */; };
		3F3814252AE29EE300B4C0E3 /* CategorizationPeriodsService.swift in Sources */ = {isa = PBXBuildFile; fileRef = 3F3814242AE29EE300B4C0E3 /* CategorizationPeriodsService.swift */; };
		3F38142B2AE2A10200B4C0E3 /* CategorizationSheet.swift in Sources */ = {isa = PBXBuildFile; fileRef = 3F38142A2AE2A10200B4C0E3 /* CategorizationSheet.swift */; };
		3F38142D2AE2A15900B4C0E3 /* CategorizationSheetsService.swift in Sources */ = {isa = PBXBuildFile; fileRef = 3F38142C2AE2A15900B4C0E3 /* CategorizationSheetsService.swift */; };
		3F38142F2AE2A4A300B4C0E3 /* SheetType.swift in Sources */ = {isa = PBXBuildFile; fileRef = 3F38142E2AE2A4A300B4C0E3 /* SheetType.swift */; };
		3F3814312AE2A4CA00B4C0E3 /* SheetTypesService.swift in Sources */ = {isa = PBXBuildFile; fileRef = 3F3814302AE2A4CA00B4C0E3 /* SheetTypesService.swift */; };
		3F3814332AE2A50D00B4C0E3 /* TeamCategorizationSheetAssignment.swift in Sources */ = {isa = PBXBuildFile; fileRef = 3F3814322AE2A50D00B4C0E3 /* TeamCategorizationSheetAssignment.swift */; };
		3F3814352AE2A57000B4C0E3 /* TeamCategorizationSheetAssignmentsService.swift in Sources */ = {isa = PBXBuildFile; fileRef = 3F3814342AE2A57000B4C0E3 /* TeamCategorizationSheetAssignmentsService.swift */; };
		3F3814372AE2A62F00B4C0E3 /* TeamCategorizationSheet.swift in Sources */ = {isa = PBXBuildFile; fileRef = 3F3814362AE2A62F00B4C0E3 /* TeamCategorizationSheet.swift */; };
		3F3814392AE2A6C400B4C0E3 /* TeamCategorizationSheetsService.swift in Sources */ = {isa = PBXBuildFile; fileRef = 3F3814382AE2A6C400B4C0E3 /* TeamCategorizationSheetsService.swift */; };
		3F3E50DD2AF131A500552CC2 /* CategorizationSheetsCarouselView.swift in Sources */ = {isa = PBXBuildFile; fileRef = 3F3E50DC2AF131A500552CC2 /* CategorizationSheetsCarouselView.swift */; };
		3F3E50DF2AF1332000552CC2 /* FirebaseRemoteConfig in Frameworks */ = {isa = PBXBuildFile; productRef = 3F3E50DE2AF1332000552CC2 /* FirebaseRemoteConfig */; };
		3F3E50E12AF1332000552CC2 /* FirebaseRemoteConfigSwift in Frameworks */ = {isa = PBXBuildFile; productRef = 3F3E50E02AF1332000552CC2 /* FirebaseRemoteConfigSwift */; };
		3F3E50E42AF134C700552CC2 /* RemoteConfigManager.swift in Sources */ = {isa = PBXBuildFile; fileRef = 3F3E50E32AF134C700552CC2 /* RemoteConfigManager.swift */; };
		3F3E50E62AF7C21C00552CC2 /* AssignmentGroupAssignmentJunction.swift in Sources */ = {isa = PBXBuildFile; fileRef = 3F3E50E52AF7C21C00552CC2 /* AssignmentGroupAssignmentJunction.swift */; };
		3F3E50E82AF9851D00552CC2 /* AssignmentGroupAssignmentJunctionsService.swift in Sources */ = {isa = PBXBuildFile; fileRef = 3F3E50E72AF9851D00552CC2 /* AssignmentGroupAssignmentJunctionsService.swift */; };
		3F4F657E2ADE78CF003B2F0A /* CategorizationSheetScreen.swift in Sources */ = {isa = PBXBuildFile; fileRef = 3F4F657D2ADE78CF003B2F0A /* CategorizationSheetScreen.swift */; };
		3F4F65802ADE78DA003B2F0A /* CategorizationSheetViewModel.swift in Sources */ = {isa = PBXBuildFile; fileRef = 3F4F657F2ADE78DA003B2F0A /* CategorizationSheetViewModel.swift */; };
		3F5438442AE7E05500C9AEB8 /* HomeViewModel.swift in Sources */ = {isa = PBXBuildFile; fileRef = 3F5438432AE7E05500C9AEB8 /* HomeViewModel.swift */; };
		3F54384C2AEA8E9C00C9AEB8 /* CategorizationSheetItemView.swift in Sources */ = {isa = PBXBuildFile; fileRef = 3F54384B2AEA8E9C00C9AEB8 /* CategorizationSheetItemView.swift */; };
		3F54384E2AEABB0A00C9AEB8 /* FirebaseStorage in Frameworks */ = {isa = PBXBuildFile; productRef = 3F54384D2AEABB0A00C9AEB8 /* FirebaseStorage */; };
		3F5438522AEAC2F000C9AEB8 /* StorageManager.swift in Sources */ = {isa = PBXBuildFile; fileRef = 3F5438512AEAC2F000C9AEB8 /* StorageManager.swift */; };
		3F78A0132AC88E7000945FDE /* FirebaseFirestore in Frameworks */ = {isa = PBXBuildFile; productRef = 3F78A0122AC88E7000945FDE /* FirebaseFirestore */; };
		3F78A0162AC890F100945FDE /* ProfileViewModel.swift in Sources */ = {isa = PBXBuildFile; fileRef = 3F78A0142AC890F100945FDE /* ProfileViewModel.swift */; };
		3F78A0172AC890F100945FDE /* ProfileScreen.swift in Sources */ = {isa = PBXBuildFile; fileRef = 3F78A0152AC890F100945FDE /* ProfileScreen.swift */; };
		3F7C59E92A9C8BE700AA64AA /* MainContainer.swift in Sources */ = {isa = PBXBuildFile; fileRef = 3F7C59E82A9C8BE700AA64AA /* MainContainer.swift */; };
		3FDF9A3F2AE6E2A300F5F111 /* ViewDidLoadModifier.swift in Sources */ = {isa = PBXBuildFile; fileRef = 3FDF9A3E2AE6E2A300F5F111 /* ViewDidLoadModifier.swift */; };
		3FE3A4142AD41AEF000E455F /* DropdownField.swift in Sources */ = {isa = PBXBuildFile; fileRef = 3FE3A4132AD41AEF000E455F /* DropdownField.swift */; };
		3FE3A4162AD441ED000E455F /* TextFieldStyles.swift in Sources */ = {isa = PBXBuildFile; fileRef = 3FE3A4152AD441ED000E455F /* TextFieldStyles.swift */; };
		3FE3A42C2ADD50F3000E455F /* Assignment.swift in Sources */ = {isa = PBXBuildFile; fileRef = 3FE3A42B2ADD50F3000E455F /* Assignment.swift */; };
		3FE3A42E2ADD5252000E455F /* AssignmentGroup.swift in Sources */ = {isa = PBXBuildFile; fileRef = 3FE3A42D2ADD5252000E455F /* AssignmentGroup.swift */; };
		3FE3A4322ADD5B8C000E455F /* CategoriesService.swift in Sources */ = {isa = PBXBuildFile; fileRef = 3FE3A4312ADD5B8C000E455F /* CategoriesService.swift */; };
		3FE3A4342ADD5BF7000E455F /* AssignmentsService.swift in Sources */ = {isa = PBXBuildFile; fileRef = 3FE3A4332ADD5BF7000E455F /* AssignmentsService.swift */; };
		3FE3A4362ADD5C4E000E455F /* AssignmentGroupsService.swift in Sources */ = {isa = PBXBuildFile; fileRef = 3FE3A4352ADD5C4E000E455F /* AssignmentGroupsService.swift */; };
		3FE3A43B2ADD5FC6000E455F /* CategorizationHomeScreen.swift in Sources */ = {isa = PBXBuildFile; fileRef = 3FE3A43A2ADD5FC6000E455F /* CategorizationHomeScreen.swift */; };
		3FE3A43D2ADD5FD7000E455F /* CategorizationHomeViewModel.swift in Sources */ = {isa = PBXBuildFile; fileRef = 3FE3A43C2ADD5FD7000E455F /* CategorizationHomeViewModel.swift */; };
		3FE3A43F2ADD60BA000E455F /* FloatingActionButton.swift in Sources */ = {isa = PBXBuildFile; fileRef = 3FE3A43E2ADD60BA000E455F /* FloatingActionButton.swift */; };
		3FED549C2A365E0D00498112 /* ScoutCampApp.swift in Sources */ = {isa = PBXBuildFile; fileRef = 3FED549B2A365E0D00498112 /* ScoutCampApp.swift */; };
		3FED549E2A365E0D00498112 /* ContentView.swift in Sources */ = {isa = PBXBuildFile; fileRef = 3FED549D2A365E0D00498112 /* ContentView.swift */; };
		3FED54A02A365E0E00498112 /* Assets.xcassets in Resources */ = {isa = PBXBuildFile; fileRef = 3FED549F2A365E0E00498112 /* Assets.xcassets */; };
		3FED54AD2A365E0E00498112 /* ScoutCampTests.swift in Sources */ = {isa = PBXBuildFile; fileRef = 3FED54AC2A365E0E00498112 /* ScoutCampTests.swift */; };
		3FED54B72A365E0F00498112 /* ScoutCampUITests.swift in Sources */ = {isa = PBXBuildFile; fileRef = 3FED54B62A365E0F00498112 /* ScoutCampUITests.swift */; };
		3FED54B92A365E0F00498112 /* ScoutCampUITestsLaunchTests.swift in Sources */ = {isa = PBXBuildFile; fileRef = 3FED54B82A365E0F00498112 /* ScoutCampUITestsLaunchTests.swift */; };
		3FFFCA7C2A38EB5200481DAE /* String+Extensions.swift in Sources */ = {isa = PBXBuildFile; fileRef = 3FFFCA7B2A38EB5200481DAE /* String+Extensions.swift */; };
		3FFFCA842A38ED8700481DAE /* Localizable.strings in Resources */ = {isa = PBXBuildFile; fileRef = 3FFFCA862A38ED8700481DAE /* Localizable.strings */; };
/* End PBXBuildFile section */

/* Begin PBXContainerItemProxy section */
		3FED54A92A365E0E00498112 /* PBXContainerItemProxy */ = {
			isa = PBXContainerItemProxy;
			containerPortal = 3FED54902A365E0D00498112 /* Project object */;
			proxyType = 1;
			remoteGlobalIDString = 3FED54972A365E0D00498112;
			remoteInfo = ScoutCamp;
		};
		3FED54B32A365E0F00498112 /* PBXContainerItemProxy */ = {
			isa = PBXContainerItemProxy;
			containerPortal = 3FED54902A365E0D00498112 /* Project object */;
			proxyType = 1;
			remoteGlobalIDString = 3FED54972A365E0D00498112;
			remoteInfo = ScoutCamp;
		};
/* End PBXContainerItemProxy section */

/* Begin PBXFileReference section */
		3F0D58F12A483A410072EF1F /* Error.swift */ = {isa = PBXFileReference; lastKnownFileType = sourcecode.swift; path = Error.swift; sourceTree = "<group>"; };
		3F0D58F32A4845890072EF1F /* GoogleService-Info.plist */ = {isa = PBXFileReference; fileEncoding = 4; lastKnownFileType = text.plist.xml; path = "GoogleService-Info.plist"; sourceTree = "<group>"; };
		3F0D58FE2A48BE7D0072EF1F /* AuthService.swift */ = {isa = PBXFileReference; lastKnownFileType = sourcecode.swift; path = AuthService.swift; sourceTree = "<group>"; };
		3F1421CC2AC9A9B400EA364A /* MyTeamsScreen.swift */ = {isa = PBXFileReference; lastKnownFileType = sourcecode.swift; path = MyTeamsScreen.swift; sourceTree = "<group>"; };
		3F1421CE2AC9AA1900EA364A /* MyTeamsViewModel.swift */ = {isa = PBXFileReference; lastKnownFileType = sourcecode.swift; path = MyTeamsViewModel.swift; sourceTree = "<group>"; };
		3F1421D02AC9AB4500EA364A /* TeamsService.swift */ = {isa = PBXFileReference; lastKnownFileType = sourcecode.swift; path = TeamsService.swift; sourceTree = "<group>"; };
		3F1421D22AC9AB8A00EA364A /* BaseService.swift */ = {isa = PBXFileReference; lastKnownFileType = sourcecode.swift; path = BaseService.swift; sourceTree = "<group>"; };
		3F1421D72AC9B78300EA364A /* Team.swift */ = {isa = PBXFileReference; lastKnownFileType = sourcecode.swift; path = Team.swift; sourceTree = "<group>"; };
		3F1421DD2ACA084500EA364A /* CreateEditTeamScreen.swift */ = {isa = PBXFileReference; lastKnownFileType = sourcecode.swift; path = CreateEditTeamScreen.swift; sourceTree = "<group>"; };
		3F1421E02ACA086200EA364A /* CreateEditTeamViewModel.swift */ = {isa = PBXFileReference; lastKnownFileType = sourcecode.swift; path = CreateEditTeamViewModel.swift; sourceTree = "<group>"; };
		3F1E13292A38F17300CB64FD /* Preview Assets.xcassets */ = {isa = PBXFileReference; lastKnownFileType = folder.assetcatalog; path = "Preview Assets.xcassets"; sourceTree = "<group>"; };
		3F1E132C2A38F43900CB64FD /* Podfile.lock */ = {isa = PBXFileReference; fileEncoding = 4; lastKnownFileType = text; path = Podfile.lock; sourceTree = "<group>"; };
		3F1E132D2A38F43900CB64FD /* README.md */ = {isa = PBXFileReference; fileEncoding = 4; lastKnownFileType = net.daringfireball.markdown; path = README.md; sourceTree = "<group>"; };
		3F1E132E2A38F43900CB64FD /* Podfile */ = {isa = PBXFileReference; fileEncoding = 4; lastKnownFileType = text; path = Podfile; sourceTree = "<group>"; xcLanguageSpecificationIdentifier = xcode.lang.ruby; };
		3F286EAB2A49A9FA00BA00BE /* HomeScreen.swift */ = {isa = PBXFileReference; lastKnownFileType = sourcecode.swift; path = HomeScreen.swift; sourceTree = "<group>"; };
		3F2E55E42A39DD6B00E3BC30 /* LoginViewModel.swift */ = {isa = PBXFileReference; lastKnownFileType = sourcecode.swift; path = LoginViewModel.swift; sourceTree = "<group>"; };
		3F2E55E62A39DDD000E3BC30 /* LoginScreen.swift */ = {isa = PBXFileReference; lastKnownFileType = sourcecode.swift; path = LoginScreen.swift; sourceTree = "<group>"; };
		3F2E55E92A39DE3500E3BC30 /* ActivityIndicatorModifier.swift */ = {isa = PBXFileReference; lastKnownFileType = sourcecode.swift; path = ActivityIndicatorModifier.swift; sourceTree = "<group>"; };
		3F2E55FD2A3C49B700E3BC30 /* RegisterViewModel.swift */ = {isa = PBXFileReference; lastKnownFileType = sourcecode.swift; path = RegisterViewModel.swift; sourceTree = "<group>"; };
		3F2E55FF2A3C4E1500E3BC30 /* Color+Extensions.swift */ = {isa = PBXFileReference; lastKnownFileType = sourcecode.swift; path = "Color+Extensions.swift"; sourceTree = "<group>"; };
		3F2E56032A3C5BE400E3BC30 /* View+Extensions.swift */ = {isa = PBXFileReference; lastKnownFileType = sourcecode.swift; path = "View+Extensions.swift"; sourceTree = "<group>"; };
		3F2E56062A3C5FE200E3BC30 /* ButtonStyles.swift */ = {isa = PBXFileReference; lastKnownFileType = sourcecode.swift; path = ButtonStyles.swift; sourceTree = "<group>"; };
		3F2E56082A3C611400E3BC30 /* RegisterScreen.swift */ = {isa = PBXFileReference; lastKnownFileType = sourcecode.swift; path = RegisterScreen.swift; sourceTree = "<group>"; };
		3F2E560A2A3C797F00E3BC30 /* Validation.swift */ = {isa = PBXFileReference; lastKnownFileType = sourcecode.swift; path = Validation.swift; sourceTree = "<group>"; };
		3F2E560C2A3C8A7E00E3BC30 /* EntryField.swift */ = {isa = PBXFileReference; lastKnownFileType = sourcecode.swift; path = EntryField.swift; sourceTree = "<group>"; };
		3F38141E2AE29BBB00B4C0E3 /* FirebaseDictionary.swift */ = {isa = PBXFileReference; lastKnownFileType = sourcecode.swift; path = FirebaseDictionary.swift; sourceTree = "<group>"; };
		3F3814202AE29DD100B4C0E3 /* CategorizationPeriod.swift */ = {isa = PBXFileReference; lastKnownFileType = sourcecode.swift; path = CategorizationPeriod.swift; sourceTree = "<group>"; };
		3F3814222AE29EBD00B4C0E3 /* Category.swift */ = {isa = PBXFileReference; lastKnownFileType = sourcecode.swift; path = Category.swift; sourceTree = "<group>"; };
		3F3814242AE29EE300B4C0E3 /* CategorizationPeriodsService.swift */ = {isa = PBXFileReference; lastKnownFileType = sourcecode.swift; path = CategorizationPeriodsService.swift; sourceTree = "<group>"; };
		3F38142A2AE2A10200B4C0E3 /* CategorizationSheet.swift */ = {isa = PBXFileReference; lastKnownFileType = sourcecode.swift; path = CategorizationSheet.swift; sourceTree = "<group>"; };
		3F38142C2AE2A15900B4C0E3 /* CategorizationSheetsService.swift */ = {isa = PBXFileReference; lastKnownFileType = sourcecode.swift; path = CategorizationSheetsService.swift; sourceTree = "<group>"; };
		3F38142E2AE2A4A300B4C0E3 /* SheetType.swift */ = {isa = PBXFileReference; lastKnownFileType = sourcecode.swift; path = SheetType.swift; sourceTree = "<group>"; };
		3F3814302AE2A4CA00B4C0E3 /* SheetTypesService.swift */ = {isa = PBXFileReference; lastKnownFileType = sourcecode.swift; path = SheetTypesService.swift; sourceTree = "<group>"; };
		3F3814322AE2A50D00B4C0E3 /* TeamCategorizationSheetAssignment.swift */ = {isa = PBXFileReference; lastKnownFileType = sourcecode.swift; path = TeamCategorizationSheetAssignment.swift; sourceTree = "<group>"; };
		3F3814342AE2A57000B4C0E3 /* TeamCategorizationSheetAssignmentsService.swift */ = {isa = PBXFileReference; lastKnownFileType = sourcecode.swift; path = TeamCategorizationSheetAssignmentsService.swift; sourceTree = "<group>"; };
		3F3814362AE2A62F00B4C0E3 /* TeamCategorizationSheet.swift */ = {isa = PBXFileReference; lastKnownFileType = sourcecode.swift; path = TeamCategorizationSheet.swift; sourceTree = "<group>"; };
		3F3814382AE2A6C400B4C0E3 /* TeamCategorizationSheetsService.swift */ = {isa = PBXFileReference; lastKnownFileType = sourcecode.swift; path = TeamCategorizationSheetsService.swift; sourceTree = "<group>"; };
		3F3E50DC2AF131A500552CC2 /* CategorizationSheetsCarouselView.swift */ = {isa = PBXFileReference; lastKnownFileType = sourcecode.swift; path = CategorizationSheetsCarouselView.swift; sourceTree = "<group>"; };
		3F3E50E32AF134C700552CC2 /* RemoteConfigManager.swift */ = {isa = PBXFileReference; lastKnownFileType = sourcecode.swift; path = RemoteConfigManager.swift; sourceTree = "<group>"; };
		3F3E50E52AF7C21C00552CC2 /* AssignmentGroupAssignmentJunction.swift */ = {isa = PBXFileReference; lastKnownFileType = sourcecode.swift; path = AssignmentGroupAssignmentJunction.swift; sourceTree = "<group>"; };
		3F3E50E72AF9851D00552CC2 /* AssignmentGroupAssignmentJunctionsService.swift */ = {isa = PBXFileReference; lastKnownFileType = sourcecode.swift; path = AssignmentGroupAssignmentJunctionsService.swift; sourceTree = "<group>"; };
		3F4F657D2ADE78CF003B2F0A /* CategorizationSheetScreen.swift */ = {isa = PBXFileReference; lastKnownFileType = sourcecode.swift; path = CategorizationSheetScreen.swift; sourceTree = "<group>"; };
		3F4F657F2ADE78DA003B2F0A /* CategorizationSheetViewModel.swift */ = {isa = PBXFileReference; lastKnownFileType = sourcecode.swift; path = CategorizationSheetViewModel.swift; sourceTree = "<group>"; };
		3F5438432AE7E05500C9AEB8 /* HomeViewModel.swift */ = {isa = PBXFileReference; lastKnownFileType = sourcecode.swift; path = HomeViewModel.swift; sourceTree = "<group>"; };
		3F54384B2AEA8E9C00C9AEB8 /* CategorizationSheetItemView.swift */ = {isa = PBXFileReference; lastKnownFileType = sourcecode.swift; path = CategorizationSheetItemView.swift; sourceTree = "<group>"; };
		3F5438512AEAC2F000C9AEB8 /* StorageManager.swift */ = {isa = PBXFileReference; lastKnownFileType = sourcecode.swift; path = StorageManager.swift; sourceTree = "<group>"; };
		3F6B18632A52CDFD00F3C665 /* Info.plist */ = {isa = PBXFileReference; lastKnownFileType = text.plist.xml; path = Info.plist; sourceTree = "<group>"; };
		3F78A0142AC890F100945FDE /* ProfileViewModel.swift */ = {isa = PBXFileReference; fileEncoding = 4; lastKnownFileType = sourcecode.swift; path = ProfileViewModel.swift; sourceTree = "<group>"; };
		3F78A0152AC890F100945FDE /* ProfileScreen.swift */ = {isa = PBXFileReference; fileEncoding = 4; lastKnownFileType = sourcecode.swift; path = ProfileScreen.swift; sourceTree = "<group>"; };
		3F7C59E82A9C8BE700AA64AA /* MainContainer.swift */ = {isa = PBXFileReference; lastKnownFileType = sourcecode.swift; path = MainContainer.swift; sourceTree = "<group>"; };
		3FDF9A3E2AE6E2A300F5F111 /* ViewDidLoadModifier.swift */ = {isa = PBXFileReference; lastKnownFileType = sourcecode.swift; path = ViewDidLoadModifier.swift; sourceTree = "<group>"; };
		3FE3A4132AD41AEF000E455F /* DropdownField.swift */ = {isa = PBXFileReference; lastKnownFileType = sourcecode.swift; path = DropdownField.swift; sourceTree = "<group>"; };
		3FE3A4152AD441ED000E455F /* TextFieldStyles.swift */ = {isa = PBXFileReference; lastKnownFileType = sourcecode.swift; path = TextFieldStyles.swift; sourceTree = "<group>"; };
		3FE3A42B2ADD50F3000E455F /* Assignment.swift */ = {isa = PBXFileReference; lastKnownFileType = sourcecode.swift; path = Assignment.swift; sourceTree = "<group>"; };
		3FE3A42D2ADD5252000E455F /* AssignmentGroup.swift */ = {isa = PBXFileReference; lastKnownFileType = sourcecode.swift; path = AssignmentGroup.swift; sourceTree = "<group>"; };
		3FE3A4312ADD5B8C000E455F /* CategoriesService.swift */ = {isa = PBXFileReference; lastKnownFileType = sourcecode.swift; path = CategoriesService.swift; sourceTree = "<group>"; };
		3FE3A4332ADD5BF7000E455F /* AssignmentsService.swift */ = {isa = PBXFileReference; lastKnownFileType = sourcecode.swift; path = AssignmentsService.swift; sourceTree = "<group>"; };
		3FE3A4352ADD5C4E000E455F /* AssignmentGroupsService.swift */ = {isa = PBXFileReference; lastKnownFileType = sourcecode.swift; path = AssignmentGroupsService.swift; sourceTree = "<group>"; };
		3FE3A43A2ADD5FC6000E455F /* CategorizationHomeScreen.swift */ = {isa = PBXFileReference; lastKnownFileType = sourcecode.swift; path = CategorizationHomeScreen.swift; sourceTree = "<group>"; };
		3FE3A43C2ADD5FD7000E455F /* CategorizationHomeViewModel.swift */ = {isa = PBXFileReference; lastKnownFileType = sourcecode.swift; path = CategorizationHomeViewModel.swift; sourceTree = "<group>"; };
		3FE3A43E2ADD60BA000E455F /* FloatingActionButton.swift */ = {isa = PBXFileReference; lastKnownFileType = sourcecode.swift; path = FloatingActionButton.swift; sourceTree = "<group>"; };
		3FED54982A365E0D00498112 /* ScoutCamp.app */ = {isa = PBXFileReference; explicitFileType = wrapper.application; includeInIndex = 0; path = ScoutCamp.app; sourceTree = BUILT_PRODUCTS_DIR; };
		3FED549B2A365E0D00498112 /* ScoutCampApp.swift */ = {isa = PBXFileReference; lastKnownFileType = sourcecode.swift; path = ScoutCampApp.swift; sourceTree = "<group>"; };
		3FED549D2A365E0D00498112 /* ContentView.swift */ = {isa = PBXFileReference; lastKnownFileType = sourcecode.swift; path = ContentView.swift; sourceTree = "<group>"; };
		3FED549F2A365E0E00498112 /* Assets.xcassets */ = {isa = PBXFileReference; lastKnownFileType = folder.assetcatalog; path = Assets.xcassets; sourceTree = "<group>"; };
		3FED54A82A365E0E00498112 /* ScoutCampTests.xctest */ = {isa = PBXFileReference; explicitFileType = wrapper.cfbundle; includeInIndex = 0; path = ScoutCampTests.xctest; sourceTree = BUILT_PRODUCTS_DIR; };
		3FED54AC2A365E0E00498112 /* ScoutCampTests.swift */ = {isa = PBXFileReference; lastKnownFileType = sourcecode.swift; path = ScoutCampTests.swift; sourceTree = "<group>"; };
		3FED54B22A365E0F00498112 /* ScoutCampUITests.xctest */ = {isa = PBXFileReference; explicitFileType = wrapper.cfbundle; includeInIndex = 0; path = ScoutCampUITests.xctest; sourceTree = BUILT_PRODUCTS_DIR; };
		3FED54B62A365E0F00498112 /* ScoutCampUITests.swift */ = {isa = PBXFileReference; lastKnownFileType = sourcecode.swift; path = ScoutCampUITests.swift; sourceTree = "<group>"; };
		3FED54B82A365E0F00498112 /* ScoutCampUITestsLaunchTests.swift */ = {isa = PBXFileReference; lastKnownFileType = sourcecode.swift; path = ScoutCampUITestsLaunchTests.swift; sourceTree = "<group>"; };
		3FFFCA7B2A38EB5200481DAE /* String+Extensions.swift */ = {isa = PBXFileReference; lastKnownFileType = sourcecode.swift; path = "String+Extensions.swift"; sourceTree = "<group>"; };
		3FFFCA852A38ED8700481DAE /* en */ = {isa = PBXFileReference; lastKnownFileType = text.plist.strings; name = en; path = en.lproj/Localizable.strings; sourceTree = "<group>"; };
		3FFFCA872A38EDA100481DAE /* pl */ = {isa = PBXFileReference; lastKnownFileType = text.plist.strings; name = pl; path = pl.lproj/Localizable.strings; sourceTree = "<group>"; };
		B33C261D9EB797A99F6870AE /* Pods-ScoutCamp.debug.xcconfig */ = {isa = PBXFileReference; includeInIndex = 1; lastKnownFileType = text.xcconfig; name = "Pods-ScoutCamp.debug.xcconfig"; path = "Target Support Files/Pods-ScoutCamp/Pods-ScoutCamp.debug.xcconfig"; sourceTree = "<group>"; };
		C71F63815B6CBEE12D0EDF47 /* Pods_ScoutCamp.framework */ = {isa = PBXFileReference; explicitFileType = wrapper.framework; includeInIndex = 0; path = Pods_ScoutCamp.framework; sourceTree = BUILT_PRODUCTS_DIR; };
		CD951BCD08AA876EA34A8B83 /* Pods-ScoutCamp.release.xcconfig */ = {isa = PBXFileReference; includeInIndex = 1; lastKnownFileType = text.xcconfig; name = "Pods-ScoutCamp.release.xcconfig"; path = "Target Support Files/Pods-ScoutCamp/Pods-ScoutCamp.release.xcconfig"; sourceTree = "<group>"; };
/* End PBXFileReference section */

/* Begin PBXFrameworksBuildPhase section */
		3FED54952A365E0D00498112 /* Frameworks */ = {
			isa = PBXFrameworksBuildPhase;
			buildActionMask = 2147483647;
			files = (
				3F0D58F72A484BE40072EF1F /* FirebaseAnalytics in Frameworks */,
				3F0D58FB2A484BE40072EF1F /* FirebaseCrashlytics in Frameworks */,
				3F0D58F92A484BE40072EF1F /* FirebaseAuth in Frameworks */,
				3F3E50E12AF1332000552CC2 /* FirebaseRemoteConfigSwift in Frameworks */,
				3F78A0132AC88E7000945FDE /* FirebaseFirestore in Frameworks */,
				3F54384E2AEABB0A00C9AEB8 /* FirebaseStorage in Frameworks */,
				3F1421D52AC9B09400EA364A /* FirebaseFirestoreSwift in Frameworks */,
				142AA44BF6EC1FC9175AA5BC /* Pods_ScoutCamp.framework in Frameworks */,
				3F3E50DF2AF1332000552CC2 /* FirebaseRemoteConfig in Frameworks */,
			);
			runOnlyForDeploymentPostprocessing = 0;
		};
		3FED54A52A365E0E00498112 /* Frameworks */ = {
			isa = PBXFrameworksBuildPhase;
			buildActionMask = 2147483647;
			files = (
			);
			runOnlyForDeploymentPostprocessing = 0;
		};
		3FED54AF2A365E0F00498112 /* Frameworks */ = {
			isa = PBXFrameworksBuildPhase;
			buildActionMask = 2147483647;
			files = (
			);
			runOnlyForDeploymentPostprocessing = 0;
		};
/* End PBXFrameworksBuildPhase section */

/* Begin PBXGroup section */
		3F0D58FC2A48BE630072EF1F /* Services */ = {
			isa = PBXGroup;
			children = (
				3F3E50E22AF134AB00552CC2 /* FirebaseServices */,
				3F1421D22AC9AB8A00EA364A /* BaseService.swift */,
				3FE3A4332ADD5BF7000E455F /* AssignmentsService.swift */,
				3F3E50E72AF9851D00552CC2 /* AssignmentGroupAssignmentJunctionsService.swift */,
				3FE3A4352ADD5C4E000E455F /* AssignmentGroupsService.swift */,
				3FE3A4312ADD5B8C000E455F /* CategoriesService.swift */,
				3F3814242AE29EE300B4C0E3 /* CategorizationPeriodsService.swift */,
				3F38142C2AE2A15900B4C0E3 /* CategorizationSheetsService.swift */,
				3F3814302AE2A4CA00B4C0E3 /* SheetTypesService.swift */,
				3F1421D02AC9AB4500EA364A /* TeamsService.swift */,
				3F3814342AE2A57000B4C0E3 /* TeamCategorizationSheetAssignmentsService.swift */,
				3F3814382AE2A6C400B4C0E3 /* TeamCategorizationSheetsService.swift */,
			);
			path = Services;
			sourceTree = "<group>";
		};
		3F1421CB2AC9A9A500EA364A /* MyTeams */ = {
			isa = PBXGroup;
			children = (
				3F1421DF2ACA084900EA364A /* CreateEditTeam */,
				3F1421CC2AC9A9B400EA364A /* MyTeamsScreen.swift */,
				3F1421CE2AC9AA1900EA364A /* MyTeamsViewModel.swift */,
			);
			path = MyTeams;
			sourceTree = "<group>";
		};
		3F1421D62AC9B77800EA364A /* Models */ = {
			isa = PBXGroup;
			children = (
				3F38141E2AE29BBB00B4C0E3 /* FirebaseDictionary.swift */,
				3FE3A42B2ADD50F3000E455F /* Assignment.swift */,
				3FE3A42D2ADD5252000E455F /* AssignmentGroup.swift */,
				3F3E50E52AF7C21C00552CC2 /* AssignmentGroupAssignmentJunction.swift */,
				3F3814222AE29EBD00B4C0E3 /* Category.swift */,
				3F3814202AE29DD100B4C0E3 /* CategorizationPeriod.swift */,
				3F38142A2AE2A10200B4C0E3 /* CategorizationSheet.swift */,
				3F38142E2AE2A4A300B4C0E3 /* SheetType.swift */,
				3F1421D72AC9B78300EA364A /* Team.swift */,
				3F3814362AE2A62F00B4C0E3 /* TeamCategorizationSheet.swift */,
				3F3814322AE2A50D00B4C0E3 /* TeamCategorizationSheetAssignment.swift */,
			);
			path = Models;
			sourceTree = "<group>";
		};
		3F1421DF2ACA084900EA364A /* CreateEditTeam */ = {
			isa = PBXGroup;
			children = (
				3F1421DD2ACA084500EA364A /* CreateEditTeamScreen.swift */,
				3F1421E02ACA086200EA364A /* CreateEditTeamViewModel.swift */,
			);
			path = CreateEditTeam;
			sourceTree = "<group>";
		};
		3F1E13282A38F17300CB64FD /* Preview Content */ = {
			isa = PBXGroup;
			children = (
				3F1E13292A38F17300CB64FD /* Preview Assets.xcassets */,
			);
			path = "Preview Content";
			sourceTree = "<group>";
		};
		3F1E132B2A38F25100CB64FD /* Tests */ = {
			isa = PBXGroup;
			children = (
				3FED54AB2A365E0E00498112 /* ScoutCampTests */,
				3FED54B52A365E0F00498112 /* ScoutCampUITests */,
			);
			path = Tests;
			sourceTree = "<group>";
		};
		3F1E13332A38F69300CB64FD /* Code */ = {
			isa = PBXGroup;
			children = (
				3F1421D62AC9B77800EA364A /* Models */,
				3F1E13352A38F7D100CB64FD /* Application */,
				3F0D58FC2A48BE630072EF1F /* Services */,
				3FFFCA772A38EAE200481DAE /* Features */,
				3F1E13342A38F69D00CB64FD /* Utils */,
			);
			path = Code;
			sourceTree = "<group>";
		};
		3F1E13342A38F69D00CB64FD /* Utils */ = {
			isa = PBXGroup;
			children = (
				3FDF9A3D2AE6E29500F5F111 /* Modifiers */,
				3F2E56052A3C5FD800E3BC30 /* Styles */,
				3F2E55ED2A39DFAE00E3BC30 /* Widgets */,
				3F2E55E82A39DE2800E3BC30 /* Helpers */,
				3FFFCA7A2A38EB0300481DAE /* Extensions */,
			);
			path = Utils;
			sourceTree = "<group>";
		};
		3F1E13352A38F7D100CB64FD /* Application */ = {
			isa = PBXGroup;
			children = (
				3FED549B2A365E0D00498112 /* ScoutCampApp.swift */,
				3FED549D2A365E0D00498112 /* ContentView.swift */,
			);
			path = Application;
			sourceTree = "<group>";
		};
		3F1E13362A38F7FC00CB64FD /* Resources */ = {
			isa = PBXGroup;
			children = (
				3FFFCA862A38ED8700481DAE /* Localizable.strings */,
				3FED549F2A365E0E00498112 /* Assets.xcassets */,
			);
			path = Resources;
			sourceTree = "<group>";
		};
		3F1E13372A39BF3600CB64FD /* Login */ = {
			isa = PBXGroup;
			children = (
				3F2E55E62A39DDD000E3BC30 /* LoginScreen.swift */,
				3F2E55E42A39DD6B00E3BC30 /* LoginViewModel.swift */,
			);
			path = Login;
			sourceTree = "<group>";
		};
		3F286EA82A49A9E000BA00BE /* Main */ = {
			isa = PBXGroup;
			children = (
				3FE3A4372ADD5F86000E455F /* Categorization */,
				3F1421CB2AC9A9A500EA364A /* MyTeams */,
				3F7C59EA2A9C8C9300AA64AA /* Profile */,
				3F286EA92A49A9EA00BA00BE /* Home */,
				3F7C59E82A9C8BE700AA64AA /* MainContainer.swift */,
			);
			path = Main;
			sourceTree = "<group>";
		};
		3F286EA92A49A9EA00BA00BE /* Home */ = {
			isa = PBXGroup;
			children = (
				3F286EAB2A49A9FA00BA00BE /* HomeScreen.swift */,
				3F5438432AE7E05500C9AEB8 /* HomeViewModel.swift */,
			);
			path = Home;
			sourceTree = "<group>";
		};
		3F2E55E82A39DE2800E3BC30 /* Helpers */ = {
			isa = PBXGroup;
			children = (
				3F2E560A2A3C797F00E3BC30 /* Validation.swift */,
				3F0D58F12A483A410072EF1F /* Error.swift */,
			);
			path = Helpers;
			sourceTree = "<group>";
		};
		3F2E55ED2A39DFAE00E3BC30 /* Widgets */ = {
			isa = PBXGroup;
			children = (
				3F2E560C2A3C8A7E00E3BC30 /* EntryField.swift */,
				3FE3A4132AD41AEF000E455F /* DropdownField.swift */,
				3FE3A43E2ADD60BA000E455F /* FloatingActionButton.swift */,
			);
			path = Widgets;
			sourceTree = "<group>";
		};
		3F2E55F02A3C483A00E3BC30 /* Auth */ = {
			isa = PBXGroup;
			children = (
				3F2E55F12A3C484000E3BC30 /* Register */,
				3F1E13372A39BF3600CB64FD /* Login */,
			);
			path = Auth;
			sourceTree = "<group>";
		};
		3F2E55F12A3C484000E3BC30 /* Register */ = {
			isa = PBXGroup;
			children = (
				3F2E56082A3C611400E3BC30 /* RegisterScreen.swift */,
				3F2E55FD2A3C49B700E3BC30 /* RegisterViewModel.swift */,
			);
			path = Register;
			sourceTree = "<group>";
		};
		3F2E56052A3C5FD800E3BC30 /* Styles */ = {
			isa = PBXGroup;
			children = (
				3F2E56062A3C5FE200E3BC30 /* ButtonStyles.swift */,
				3FE3A4152AD441ED000E455F /* TextFieldStyles.swift */,
			);
			path = Styles;
			sourceTree = "<group>";
		};
		3F3E50E22AF134AB00552CC2 /* FirebaseServices */ = {
			isa = PBXGroup;
			children = (
				3F0D58FE2A48BE7D0072EF1F /* AuthService.swift */,
				3F5438512AEAC2F000C9AEB8 /* StorageManager.swift */,
				3F3E50E32AF134C700552CC2 /* RemoteConfigManager.swift */,
			);
			path = FirebaseServices;
			sourceTree = "<group>";
		};
		3F4F657C2ADE782C003B2F0A /* CategorizationSheet */ = {
			isa = PBXGroup;
			children = (
				3F4F657D2ADE78CF003B2F0A /* CategorizationSheetScreen.swift */,
				3F4F657F2ADE78DA003B2F0A /* CategorizationSheetViewModel.swift */,
			);
			path = CategorizationSheet;
			sourceTree = "<group>";
		};
		3F54384A2AEA8E8500C9AEB8 /* Views */ = {
			isa = PBXGroup;
			children = (
				3F54384B2AEA8E9C00C9AEB8 /* CategorizationSheetItemView.swift */,
				3F3E50DC2AF131A500552CC2 /* CategorizationSheetsCarouselView.swift */,
			);
			path = Views;
			sourceTree = "<group>";
		};
		3F7C59EA2A9C8C9300AA64AA /* Profile */ = {
			isa = PBXGroup;
			children = (
				3F78A0152AC890F100945FDE /* ProfileScreen.swift */,
				3F78A0142AC890F100945FDE /* ProfileViewModel.swift */,
			);
			path = Profile;
			sourceTree = "<group>";
		};
		3FDF9A3D2AE6E29500F5F111 /* Modifiers */ = {
			isa = PBXGroup;
			children = (
				3F2E55E92A39DE3500E3BC30 /* ActivityIndicatorModifier.swift */,
				3FDF9A3E2AE6E2A300F5F111 /* ViewDidLoadModifier.swift */,
			);
			path = Modifiers;
			sourceTree = "<group>";
		};
		3FE3A4372ADD5F86000E455F /* Categorization */ = {
			isa = PBXGroup;
			children = (
				3F54384A2AEA8E8500C9AEB8 /* Views */,
				3F4F657C2ADE782C003B2F0A /* CategorizationSheet */,
				3FE3A43A2ADD5FC6000E455F /* CategorizationHomeScreen.swift */,
				3FE3A43C2ADD5FD7000E455F /* CategorizationHomeViewModel.swift */,
			);
			path = Categorization;
			sourceTree = "<group>";
		};
		3FED548F2A365E0D00498112 = {
			isa = PBXGroup;
			children = (
				3FED549A2A365E0D00498112 /* ScoutCamp */,
				3F1E132B2A38F25100CB64FD /* Tests */,
				3FED54992A365E0D00498112 /* Products */,
				E54D8EA202B6EFD451F9C118 /* Pods */,
				3F0D58F32A4845890072EF1F /* GoogleService-Info.plist */,
				3F1E132D2A38F43900CB64FD /* README.md */,
				3F1E132E2A38F43900CB64FD /* Podfile */,
				3F1E132C2A38F43900CB64FD /* Podfile.lock */,
				A4522EE60C44E5AA9B63D848 /* Frameworks */,
			);
			sourceTree = "<group>";
		};
		3FED54992A365E0D00498112 /* Products */ = {
			isa = PBXGroup;
			children = (
				3FED54982A365E0D00498112 /* ScoutCamp.app */,
				3FED54A82A365E0E00498112 /* ScoutCampTests.xctest */,
				3FED54B22A365E0F00498112 /* ScoutCampUITests.xctest */,
			);
			name = Products;
			sourceTree = "<group>";
		};
		3FED549A2A365E0D00498112 /* ScoutCamp */ = {
			isa = PBXGroup;
			children = (
				3F1E13332A38F69300CB64FD /* Code */,
				3F1E13362A38F7FC00CB64FD /* Resources */,
				3F1E13282A38F17300CB64FD /* Preview Content */,
				3F6B18632A52CDFD00F3C665 /* Info.plist */,
			);
			path = ScoutCamp;
			sourceTree = "<group>";
		};
		3FED54AB2A365E0E00498112 /* ScoutCampTests */ = {
			isa = PBXGroup;
			children = (
				3FED54AC2A365E0E00498112 /* ScoutCampTests.swift */,
			);
			path = ScoutCampTests;
			sourceTree = "<group>";
		};
		3FED54B52A365E0F00498112 /* ScoutCampUITests */ = {
			isa = PBXGroup;
			children = (
				3FED54B62A365E0F00498112 /* ScoutCampUITests.swift */,
				3FED54B82A365E0F00498112 /* ScoutCampUITestsLaunchTests.swift */,
			);
			path = ScoutCampUITests;
			sourceTree = "<group>";
		};
		3FFFCA772A38EAE200481DAE /* Features */ = {
			isa = PBXGroup;
			children = (
				3F286EA82A49A9E000BA00BE /* Main */,
				3F2E55F02A3C483A00E3BC30 /* Auth */,
			);
			path = Features;
			sourceTree = "<group>";
		};
		3FFFCA7A2A38EB0300481DAE /* Extensions */ = {
			isa = PBXGroup;
			children = (
				3FFFCA7B2A38EB5200481DAE /* String+Extensions.swift */,
				3F2E55FF2A3C4E1500E3BC30 /* Color+Extensions.swift */,
				3F2E56032A3C5BE400E3BC30 /* View+Extensions.swift */,
			);
			path = Extensions;
			sourceTree = "<group>";
		};
		A4522EE60C44E5AA9B63D848 /* Frameworks */ = {
			isa = PBXGroup;
			children = (
				C71F63815B6CBEE12D0EDF47 /* Pods_ScoutCamp.framework */,
			);
			name = Frameworks;
			sourceTree = "<group>";
		};
		E54D8EA202B6EFD451F9C118 /* Pods */ = {
			isa = PBXGroup;
			children = (
				B33C261D9EB797A99F6870AE /* Pods-ScoutCamp.debug.xcconfig */,
				CD951BCD08AA876EA34A8B83 /* Pods-ScoutCamp.release.xcconfig */,
			);
			path = Pods;
			sourceTree = "<group>";
		};
/* End PBXGroup section */

/* Begin PBXNativeTarget section */
		3FED54972A365E0D00498112 /* ScoutCamp */ = {
			isa = PBXNativeTarget;
			buildConfigurationList = 3FED54BC2A365E0F00498112 /* Build configuration list for PBXNativeTarget "ScoutCamp" */;
			buildPhases = (
				439206071A6D8B32DEAD2D0C /* [CP] Check Pods Manifest.lock */,
				3FED54942A365E0D00498112 /* Sources */,
				3FED54952A365E0D00498112 /* Frameworks */,
				3FED54962A365E0D00498112 /* Resources */,
				3F1E13322A38F4CC00CB64FD /* ShellScript */,
			);
			buildRules = (
			);
			dependencies = (
			);
			name = ScoutCamp;
			packageProductDependencies = (
				3F0D58F62A484BE40072EF1F /* FirebaseAnalytics */,
				3F0D58F82A484BE40072EF1F /* FirebaseAuth */,
				3F0D58FA2A484BE40072EF1F /* FirebaseCrashlytics */,
				3F78A0122AC88E7000945FDE /* FirebaseFirestore */,
				3F1421D42AC9B09400EA364A /* FirebaseFirestoreSwift */,
				3F54384D2AEABB0A00C9AEB8 /* FirebaseStorage */,
				3F3E50DE2AF1332000552CC2 /* FirebaseRemoteConfig */,
				3F3E50E02AF1332000552CC2 /* FirebaseRemoteConfigSwift */,
			);
			productName = ScoutCamp;
			productReference = 3FED54982A365E0D00498112 /* ScoutCamp.app */;
			productType = "com.apple.product-type.application";
		};
		3FED54A72A365E0E00498112 /* ScoutCampTests */ = {
			isa = PBXNativeTarget;
			buildConfigurationList = 3FED54BF2A365E0F00498112 /* Build configuration list for PBXNativeTarget "ScoutCampTests" */;
			buildPhases = (
				3FED54A42A365E0E00498112 /* Sources */,
				3FED54A52A365E0E00498112 /* Frameworks */,
				3FED54A62A365E0E00498112 /* Resources */,
			);
			buildRules = (
			);
			dependencies = (
				3FED54AA2A365E0E00498112 /* PBXTargetDependency */,
			);
			name = ScoutCampTests;
			productName = ScoutCampTests;
			productReference = 3FED54A82A365E0E00498112 /* ScoutCampTests.xctest */;
			productType = "com.apple.product-type.bundle.unit-test";
		};
		3FED54B12A365E0F00498112 /* ScoutCampUITests */ = {
			isa = PBXNativeTarget;
			buildConfigurationList = 3FED54C22A365E0F00498112 /* Build configuration list for PBXNativeTarget "ScoutCampUITests" */;
			buildPhases = (
				3FED54AE2A365E0F00498112 /* Sources */,
				3FED54AF2A365E0F00498112 /* Frameworks */,
				3FED54B02A365E0F00498112 /* Resources */,
			);
			buildRules = (
			);
			dependencies = (
				3FED54B42A365E0F00498112 /* PBXTargetDependency */,
			);
			name = ScoutCampUITests;
			productName = ScoutCampUITests;
			productReference = 3FED54B22A365E0F00498112 /* ScoutCampUITests.xctest */;
			productType = "com.apple.product-type.bundle.ui-testing";
		};
/* End PBXNativeTarget section */

/* Begin PBXProject section */
		3FED54902A365E0D00498112 /* Project object */ = {
			isa = PBXProject;
			attributes = {
				BuildIndependentTargetsInParallel = 1;
				LastSwiftUpdateCheck = 1420;
				LastUpgradeCheck = 1420;
				TargetAttributes = {
					3FED54972A365E0D00498112 = {
						CreatedOnToolsVersion = 14.2;
					};
					3FED54A72A365E0E00498112 = {
						CreatedOnToolsVersion = 14.2;
						TestTargetID = 3FED54972A365E0D00498112;
					};
					3FED54B12A365E0F00498112 = {
						CreatedOnToolsVersion = 14.2;
						TestTargetID = 3FED54972A365E0D00498112;
					};
				};
			};
			buildConfigurationList = 3FED54932A365E0D00498112 /* Build configuration list for PBXProject "ScoutCamp" */;
			compatibilityVersion = "Xcode 14.0";
			developmentRegion = en;
			hasScannedForEncodings = 0;
			knownRegions = (
				en,
				Base,
				pl,
			);
			mainGroup = 3FED548F2A365E0D00498112;
			packageReferences = (
				3F0D58F52A484BE40072EF1F /* XCRemoteSwiftPackageReference "firebase-ios-sdk" */,
			);
			productRefGroup = 3FED54992A365E0D00498112 /* Products */;
			projectDirPath = "";
			projectRoot = "";
			targets = (
				3FED54972A365E0D00498112 /* ScoutCamp */,
				3FED54A72A365E0E00498112 /* ScoutCampTests */,
				3FED54B12A365E0F00498112 /* ScoutCampUITests */,
			);
		};
/* End PBXProject section */

/* Begin PBXResourcesBuildPhase section */
		3FED54962A365E0D00498112 /* Resources */ = {
			isa = PBXResourcesBuildPhase;
			buildActionMask = 2147483647;
			files = (
				3F1E13312A38F43900CB64FD /* Podfile in Resources */,
				3F1E132A2A38F17300CB64FD /* Preview Assets.xcassets in Resources */,
				3FFFCA842A38ED8700481DAE /* Localizable.strings in Resources */,
				3F1E13302A38F43900CB64FD /* README.md in Resources */,
				3F1E132F2A38F43900CB64FD /* Podfile.lock in Resources */,
				3FED54A02A365E0E00498112 /* Assets.xcassets in Resources */,
				3F0D58F42A4845890072EF1F /* GoogleService-Info.plist in Resources */,
			);
			runOnlyForDeploymentPostprocessing = 0;
		};
		3FED54A62A365E0E00498112 /* Resources */ = {
			isa = PBXResourcesBuildPhase;
			buildActionMask = 2147483647;
			files = (
			);
			runOnlyForDeploymentPostprocessing = 0;
		};
		3FED54B02A365E0F00498112 /* Resources */ = {
			isa = PBXResourcesBuildPhase;
			buildActionMask = 2147483647;
			files = (
			);
			runOnlyForDeploymentPostprocessing = 0;
		};
/* End PBXResourcesBuildPhase section */

/* Begin PBXShellScriptBuildPhase section */
		3F1E13322A38F4CC00CB64FD /* ShellScript */ = {
			isa = PBXShellScriptBuildPhase;
			buildActionMask = 2147483647;
			files = (
			);
			inputFileListPaths = (
			);
			inputPaths = (
			);
			outputFileListPaths = (
			);
			outputPaths = (
			);
			runOnlyForDeploymentPostprocessing = 0;
			shellPath = /bin/sh;
			shellScript = "\"${PODS_ROOT}/SwiftLint/swiftlint\"\n";
		};
		439206071A6D8B32DEAD2D0C /* [CP] Check Pods Manifest.lock */ = {
			isa = PBXShellScriptBuildPhase;
			buildActionMask = 2147483647;
			files = (
			);
			inputFileListPaths = (
			);
			inputPaths = (
				"${PODS_PODFILE_DIR_PATH}/Podfile.lock",
				"${PODS_ROOT}/Manifest.lock",
			);
			name = "[CP] Check Pods Manifest.lock";
			outputFileListPaths = (
			);
			outputPaths = (
				"$(DERIVED_FILE_DIR)/Pods-ScoutCamp-checkManifestLockResult.txt",
			);
			runOnlyForDeploymentPostprocessing = 0;
			shellPath = /bin/sh;
			shellScript = "diff \"${PODS_PODFILE_DIR_PATH}/Podfile.lock\" \"${PODS_ROOT}/Manifest.lock\" > /dev/null\nif [ $? != 0 ] ; then\n    # print error to STDERR\n    echo \"error: The sandbox is not in sync with the Podfile.lock. Run 'pod install' or update your CocoaPods installation.\" >&2\n    exit 1\nfi\n# This output is used by Xcode 'outputs' to avoid re-running this script phase.\necho \"SUCCESS\" > \"${SCRIPT_OUTPUT_FILE_0}\"\n";
			showEnvVarsInLog = 0;
		};
/* End PBXShellScriptBuildPhase section */

/* Begin PBXSourcesBuildPhase section */
		3FED54942A365E0D00498112 /* Sources */ = {
			isa = PBXSourcesBuildPhase;
			buildActionMask = 2147483647;
			files = (
				3FE3A42E2ADD5252000E455F /* AssignmentGroup.swift in Sources */,
				3FDF9A3F2AE6E2A300F5F111 /* ViewDidLoadModifier.swift in Sources */,
				3F3814312AE2A4CA00B4C0E3 /* SheetTypesService.swift in Sources */,
				3FE3A42C2ADD50F3000E455F /* Assignment.swift in Sources */,
				3F3E50E62AF7C21C00552CC2 /* AssignmentGroupAssignmentJunction.swift in Sources */,
				3FED549E2A365E0D00498112 /* ContentView.swift in Sources */,
				3F54384C2AEA8E9C00C9AEB8 /* CategorizationSheetItemView.swift in Sources */,
				3FE3A43B2ADD5FC6000E455F /* CategorizationHomeScreen.swift in Sources */,
				3F1421CF2AC9AA1900EA364A /* MyTeamsViewModel.swift in Sources */,
				3F2E55EA2A39DE3500E3BC30 /* ActivityIndicatorModifier.swift in Sources */,
				3FE3A4362ADD5C4E000E455F /* AssignmentGroupsService.swift in Sources */,
				3F3E50E42AF134C700552CC2 /* RemoteConfigManager.swift in Sources */,
				3F1421CD2AC9A9B400EA364A /* MyTeamsScreen.swift in Sources */,
				3FE3A4342ADD5BF7000E455F /* AssignmentsService.swift in Sources */,
				3F3814232AE29EBD00B4C0E3 /* Category.swift in Sources */,
				3F3814332AE2A50D00B4C0E3 /* TeamCategorizationSheetAssignment.swift in Sources */,
				3F1421D32AC9AB8A00EA364A /* BaseService.swift in Sources */,
				3F3E50E82AF9851D00552CC2 /* AssignmentGroupAssignmentJunctionsService.swift in Sources */,
				3F2E560B2A3C797F00E3BC30 /* Validation.swift in Sources */,
				3FE3A4322ADD5B8C000E455F /* CategoriesService.swift in Sources */,
				3F78A0172AC890F100945FDE /* ProfileScreen.swift in Sources */,
				3F2E56092A3C611400E3BC30 /* RegisterScreen.swift in Sources */,
				3F2E55E72A39DDD000E3BC30 /* LoginScreen.swift in Sources */,
				3FE3A43D2ADD5FD7000E455F /* CategorizationHomeViewModel.swift in Sources */,
				3F38142B2AE2A10200B4C0E3 /* CategorizationSheet.swift in Sources */,
				3FFFCA7C2A38EB5200481DAE /* String+Extensions.swift in Sources */,
				3F0D58FF2A48BE7D0072EF1F /* AuthService.swift in Sources */,
				3F0D58F22A483A410072EF1F /* Error.swift in Sources */,
				3F1421D82AC9B78300EA364A /* Team.swift in Sources */,
				3F1421E12ACA086200EA364A /* CreateEditTeamViewModel.swift in Sources */,
				3F4F657E2ADE78CF003B2F0A /* CategorizationSheetScreen.swift in Sources */,
				3F38142D2AE2A15900B4C0E3 /* CategorizationSheetsService.swift in Sources */,
				3F5438522AEAC2F000C9AEB8 /* StorageManager.swift in Sources */,
				3F286EAC2A49A9FA00BA00BE /* HomeScreen.swift in Sources */,
				3F4F65802ADE78DA003B2F0A /* CategorizationSheetViewModel.swift in Sources */,
				3F38142F2AE2A4A300B4C0E3 /* SheetType.swift in Sources */,
				3F3814352AE2A57000B4C0E3 /* TeamCategorizationSheetAssignmentsService.swift in Sources */,
				3F1421DE2ACA084500EA364A /* CreateEditTeamScreen.swift in Sources */,
				3F3E50DD2AF131A500552CC2 /* CategorizationSheetsCarouselView.swift in Sources */,
				3F7C59E92A9C8BE700AA64AA /* MainContainer.swift in Sources */,
				3F2E55FE2A3C49B700E3BC30 /* RegisterViewModel.swift in Sources */,
				3F5438442AE7E05500C9AEB8 /* HomeViewModel.swift in Sources */,
				3F3814392AE2A6C400B4C0E3 /* TeamCategorizationSheetsService.swift in Sources */,
				3F2E55E52A39DD6B00E3BC30 /* LoginViewModel.swift in Sources */,
				3FE3A4142AD41AEF000E455F /* DropdownField.swift in Sources */,
				3F3814372AE2A62F00B4C0E3 /* TeamCategorizationSheet.swift in Sources */,
				3F38141F2AE29BBB00B4C0E3 /* FirebaseDictionary.swift in Sources */,
				3F78A0162AC890F100945FDE /* ProfileViewModel.swift in Sources */,
				3FE3A4162AD441ED000E455F /* TextFieldStyles.swift in Sources */,
				3FED549C2A365E0D00498112 /* ScoutCampApp.swift in Sources */,
				3F2E56002A3C4E1500E3BC30 /* Color+Extensions.swift in Sources */,
				3F3814252AE29EE300B4C0E3 /* CategorizationPeriodsService.swift in Sources */,
				3F2E56072A3C5FE200E3BC30 /* ButtonStyles.swift in Sources */,
				3F2E56042A3C5BE400E3BC30 /* View+Extensions.swift in Sources */,
				3F3814212AE29DD100B4C0E3 /* CategorizationPeriod.swift in Sources */,
				3FE3A43F2ADD60BA000E455F /* FloatingActionButton.swift in Sources */,
				3F1421D12AC9AB4500EA364A /* TeamsService.swift in Sources */,
				3F2E560D2A3C8A7E00E3BC30 /* EntryField.swift in Sources */,
			);
			runOnlyForDeploymentPostprocessing = 0;
		};
		3FED54A42A365E0E00498112 /* Sources */ = {
			isa = PBXSourcesBuildPhase;
			buildActionMask = 2147483647;
			files = (
				3FED54AD2A365E0E00498112 /* ScoutCampTests.swift in Sources */,
			);
			runOnlyForDeploymentPostprocessing = 0;
		};
		3FED54AE2A365E0F00498112 /* Sources */ = {
			isa = PBXSourcesBuildPhase;
			buildActionMask = 2147483647;
			files = (
				3FED54B92A365E0F00498112 /* ScoutCampUITestsLaunchTests.swift in Sources */,
				3FED54B72A365E0F00498112 /* ScoutCampUITests.swift in Sources */,
			);
			runOnlyForDeploymentPostprocessing = 0;
		};
/* End PBXSourcesBuildPhase section */

/* Begin PBXTargetDependency section */
		3FED54AA2A365E0E00498112 /* PBXTargetDependency */ = {
			isa = PBXTargetDependency;
			target = 3FED54972A365E0D00498112 /* ScoutCamp */;
			targetProxy = 3FED54A92A365E0E00498112 /* PBXContainerItemProxy */;
		};
		3FED54B42A365E0F00498112 /* PBXTargetDependency */ = {
			isa = PBXTargetDependency;
			target = 3FED54972A365E0D00498112 /* ScoutCamp */;
			targetProxy = 3FED54B32A365E0F00498112 /* PBXContainerItemProxy */;
		};
/* End PBXTargetDependency section */

/* Begin PBXVariantGroup section */
		3FFFCA862A38ED8700481DAE /* Localizable.strings */ = {
			isa = PBXVariantGroup;
			children = (
				3FFFCA852A38ED8700481DAE /* en */,
				3FFFCA872A38EDA100481DAE /* pl */,
			);
			name = Localizable.strings;
			sourceTree = "<group>";
		};
/* End PBXVariantGroup section */

/* Begin XCBuildConfiguration section */
		3FED54BA2A365E0F00498112 /* Debug */ = {
			isa = XCBuildConfiguration;
			buildSettings = {
				ALWAYS_SEARCH_USER_PATHS = NO;
				CLANG_ANALYZER_LOCALIZABILITY_NONLOCALIZED = YES;
				CLANG_ANALYZER_NONNULL = YES;
				CLANG_ANALYZER_NUMBER_OBJECT_CONVERSION = YES_AGGRESSIVE;
				CLANG_CXX_LANGUAGE_STANDARD = "gnu++20";
				CLANG_ENABLE_MODULES = YES;
				CLANG_ENABLE_OBJC_ARC = YES;
				CLANG_ENABLE_OBJC_WEAK = YES;
				CLANG_WARN_BLOCK_CAPTURE_AUTORELEASING = YES;
				CLANG_WARN_BOOL_CONVERSION = YES;
				CLANG_WARN_COMMA = YES;
				CLANG_WARN_CONSTANT_CONVERSION = YES;
				CLANG_WARN_DEPRECATED_OBJC_IMPLEMENTATIONS = YES;
				CLANG_WARN_DIRECT_OBJC_ISA_USAGE = YES_ERROR;
				CLANG_WARN_DOCUMENTATION_COMMENTS = YES;
				CLANG_WARN_EMPTY_BODY = YES;
				CLANG_WARN_ENUM_CONVERSION = YES;
				CLANG_WARN_INFINITE_RECURSION = YES;
				CLANG_WARN_INT_CONVERSION = YES;
				CLANG_WARN_NON_LITERAL_NULL_CONVERSION = YES;
				CLANG_WARN_OBJC_IMPLICIT_RETAIN_SELF = YES;
				CLANG_WARN_OBJC_LITERAL_CONVERSION = YES;
				CLANG_WARN_OBJC_ROOT_CLASS = YES_ERROR;
				CLANG_WARN_QUOTED_INCLUDE_IN_FRAMEWORK_HEADER = YES;
				CLANG_WARN_RANGE_LOOP_ANALYSIS = YES;
				CLANG_WARN_STRICT_PROTOTYPES = YES;
				CLANG_WARN_SUSPICIOUS_MOVE = YES;
				CLANG_WARN_UNGUARDED_AVAILABILITY = YES_AGGRESSIVE;
				CLANG_WARN_UNREACHABLE_CODE = YES;
				CLANG_WARN__DUPLICATE_METHOD_MATCH = YES;
				COPY_PHASE_STRIP = NO;
				DEBUG_INFORMATION_FORMAT = dwarf;
				ENABLE_STRICT_OBJC_MSGSEND = YES;
				ENABLE_TESTABILITY = YES;
				GCC_C_LANGUAGE_STANDARD = gnu11;
				GCC_DYNAMIC_NO_PIC = NO;
				GCC_NO_COMMON_BLOCKS = YES;
				GCC_OPTIMIZATION_LEVEL = 0;
				GCC_PREPROCESSOR_DEFINITIONS = (
					"DEBUG=1",
					"$(inherited)",
				);
				GCC_WARN_64_TO_32_BIT_CONVERSION = YES;
				GCC_WARN_ABOUT_RETURN_TYPE = YES_ERROR;
				GCC_WARN_UNDECLARED_SELECTOR = YES;
				GCC_WARN_UNINITIALIZED_AUTOS = YES_AGGRESSIVE;
				GCC_WARN_UNUSED_FUNCTION = YES;
				GCC_WARN_UNUSED_VARIABLE = YES;
				IPHONEOS_DEPLOYMENT_TARGET = 14.0;
				MTL_ENABLE_DEBUG_INFO = INCLUDE_SOURCE;
				MTL_FAST_MATH = YES;
				ONLY_ACTIVE_ARCH = YES;
				SDKROOT = iphoneos;
				SWIFT_ACTIVE_COMPILATION_CONDITIONS = DEBUG;
				SWIFT_OPTIMIZATION_LEVEL = "-Onone";
			};
			name = Debug;
		};
		3FED54BB2A365E0F00498112 /* Release */ = {
			isa = XCBuildConfiguration;
			buildSettings = {
				ALWAYS_SEARCH_USER_PATHS = NO;
				CLANG_ANALYZER_LOCALIZABILITY_NONLOCALIZED = YES;
				CLANG_ANALYZER_NONNULL = YES;
				CLANG_ANALYZER_NUMBER_OBJECT_CONVERSION = YES_AGGRESSIVE;
				CLANG_CXX_LANGUAGE_STANDARD = "gnu++20";
				CLANG_ENABLE_MODULES = YES;
				CLANG_ENABLE_OBJC_ARC = YES;
				CLANG_ENABLE_OBJC_WEAK = YES;
				CLANG_WARN_BLOCK_CAPTURE_AUTORELEASING = YES;
				CLANG_WARN_BOOL_CONVERSION = YES;
				CLANG_WARN_COMMA = YES;
				CLANG_WARN_CONSTANT_CONVERSION = YES;
				CLANG_WARN_DEPRECATED_OBJC_IMPLEMENTATIONS = YES;
				CLANG_WARN_DIRECT_OBJC_ISA_USAGE = YES_ERROR;
				CLANG_WARN_DOCUMENTATION_COMMENTS = YES;
				CLANG_WARN_EMPTY_BODY = YES;
				CLANG_WARN_ENUM_CONVERSION = YES;
				CLANG_WARN_INFINITE_RECURSION = YES;
				CLANG_WARN_INT_CONVERSION = YES;
				CLANG_WARN_NON_LITERAL_NULL_CONVERSION = YES;
				CLANG_WARN_OBJC_IMPLICIT_RETAIN_SELF = YES;
				CLANG_WARN_OBJC_LITERAL_CONVERSION = YES;
				CLANG_WARN_OBJC_ROOT_CLASS = YES_ERROR;
				CLANG_WARN_QUOTED_INCLUDE_IN_FRAMEWORK_HEADER = YES;
				CLANG_WARN_RANGE_LOOP_ANALYSIS = YES;
				CLANG_WARN_STRICT_PROTOTYPES = YES;
				CLANG_WARN_SUSPICIOUS_MOVE = YES;
				CLANG_WARN_UNGUARDED_AVAILABILITY = YES_AGGRESSIVE;
				CLANG_WARN_UNREACHABLE_CODE = YES;
				CLANG_WARN__DUPLICATE_METHOD_MATCH = YES;
				COPY_PHASE_STRIP = NO;
				DEBUG_INFORMATION_FORMAT = "dwarf-with-dsym";
				ENABLE_NS_ASSERTIONS = NO;
				ENABLE_STRICT_OBJC_MSGSEND = YES;
				GCC_C_LANGUAGE_STANDARD = gnu11;
				GCC_NO_COMMON_BLOCKS = YES;
				GCC_WARN_64_TO_32_BIT_CONVERSION = YES;
				GCC_WARN_ABOUT_RETURN_TYPE = YES_ERROR;
				GCC_WARN_UNDECLARED_SELECTOR = YES;
				GCC_WARN_UNINITIALIZED_AUTOS = YES_AGGRESSIVE;
				GCC_WARN_UNUSED_FUNCTION = YES;
				GCC_WARN_UNUSED_VARIABLE = YES;
				IPHONEOS_DEPLOYMENT_TARGET = 14.0;
				MTL_ENABLE_DEBUG_INFO = NO;
				MTL_FAST_MATH = YES;
				SDKROOT = iphoneos;
				SWIFT_COMPILATION_MODE = wholemodule;
				SWIFT_OPTIMIZATION_LEVEL = "-O";
				VALIDATE_PRODUCT = YES;
			};
			name = Release;
		};
		3FED54BD2A365E0F00498112 /* Debug */ = {
			isa = XCBuildConfiguration;
			baseConfigurationReference = B33C261D9EB797A99F6870AE /* Pods-ScoutCamp.debug.xcconfig */;
			buildSettings = {
				ASSETCATALOG_COMPILER_APPICON_NAME = AppIcon;
				ASSETCATALOG_COMPILER_GLOBAL_ACCENT_COLOR_NAME = AccentColor;
				CODE_SIGN_STYLE = Automatic;
				CURRENT_PROJECT_VERSION = 1;
				DEVELOPMENT_ASSET_PATHS = "\"ScoutCamp/Preview Content\"";
				DEVELOPMENT_TEAM = "";
				ENABLE_PREVIEWS = YES;
				GENERATE_INFOPLIST_FILE = YES;
				INFOPLIST_FILE = ScoutCamp/Info.plist;
				INFOPLIST_KEY_CFBundleDisplayName = "Scout Camp";
				INFOPLIST_KEY_LSApplicationCategoryType = "public.app-category.travel";
				INFOPLIST_KEY_UIApplicationSceneManifest_Generation = YES;
				INFOPLIST_KEY_UIApplicationSupportsIndirectInputEvents = YES;
				INFOPLIST_KEY_UIRequiresFullScreen = YES;
				INFOPLIST_KEY_UIStatusBarStyle = UIStatusBarStyleDarkContent;
				INFOPLIST_KEY_UISupportedInterfaceOrientations = UIInterfaceOrientationPortrait;
				IPHONEOS_DEPLOYMENT_TARGET = 15.0;
				LD_RUNPATH_SEARCH_PATHS = (
					"$(inherited)",
					"@executable_path/Frameworks",
				);
				MARKETING_VERSION = 1.0;
				PRODUCT_BUNDLE_IDENTIFIER = com.sokol.ScoutCamp;
				PRODUCT_NAME = "$(TARGET_NAME)";
				SUPPORTED_PLATFORMS = "iphoneos iphonesimulator";
				SUPPORTS_MACCATALYST = NO;
				SUPPORTS_MAC_DESIGNED_FOR_IPHONE_IPAD = NO;
				SWIFT_EMIT_LOC_STRINGS = YES;
				SWIFT_VERSION = 5.0;
				TARGETED_DEVICE_FAMILY = "1,2";
			};
			name = Debug;
		};
		3FED54BE2A365E0F00498112 /* Release */ = {
			isa = XCBuildConfiguration;
			baseConfigurationReference = CD951BCD08AA876EA34A8B83 /* Pods-ScoutCamp.release.xcconfig */;
			buildSettings = {
				ASSETCATALOG_COMPILER_APPICON_NAME = AppIcon;
				ASSETCATALOG_COMPILER_GLOBAL_ACCENT_COLOR_NAME = AccentColor;
				CODE_SIGN_STYLE = Automatic;
				CURRENT_PROJECT_VERSION = 1;
				DEVELOPMENT_ASSET_PATHS = "\"ScoutCamp/Preview Content\"";
				DEVELOPMENT_TEAM = "";
				ENABLE_PREVIEWS = YES;
				GENERATE_INFOPLIST_FILE = YES;
				INFOPLIST_FILE = ScoutCamp/Info.plist;
				INFOPLIST_KEY_CFBundleDisplayName = "Scout Camp";
				INFOPLIST_KEY_LSApplicationCategoryType = "public.app-category.travel";
				INFOPLIST_KEY_UIApplicationSceneManifest_Generation = YES;
				INFOPLIST_KEY_UIApplicationSupportsIndirectInputEvents = YES;
				INFOPLIST_KEY_UIRequiresFullScreen = YES;
				INFOPLIST_KEY_UIStatusBarStyle = UIStatusBarStyleDarkContent;
				INFOPLIST_KEY_UISupportedInterfaceOrientations = UIInterfaceOrientationPortrait;
				IPHONEOS_DEPLOYMENT_TARGET = 15.0;
				LD_RUNPATH_SEARCH_PATHS = (
					"$(inherited)",
					"@executable_path/Frameworks",
				);
				MARKETING_VERSION = 1.0;
				PRODUCT_BUNDLE_IDENTIFIER = com.sokol.ScoutCamp;
				PRODUCT_NAME = "$(TARGET_NAME)";
				SUPPORTED_PLATFORMS = "iphoneos iphonesimulator";
				SUPPORTS_MACCATALYST = NO;
				SUPPORTS_MAC_DESIGNED_FOR_IPHONE_IPAD = NO;
				SWIFT_EMIT_LOC_STRINGS = YES;
				SWIFT_VERSION = 5.0;
				TARGETED_DEVICE_FAMILY = "1,2";
			};
			name = Release;
		};
		3FED54C02A365E0F00498112 /* Debug */ = {
			isa = XCBuildConfiguration;
			buildSettings = {
				ALWAYS_EMBED_SWIFT_STANDARD_LIBRARIES = YES;
				BUNDLE_LOADER = "$(TEST_HOST)";
				CODE_SIGN_STYLE = Automatic;
				CURRENT_PROJECT_VERSION = 1;
				GENERATE_INFOPLIST_FILE = YES;
				IPHONEOS_DEPLOYMENT_TARGET = 16.2;
				MARKETING_VERSION = 1.0;
				PRODUCT_BUNDLE_IDENTIFIER = com.sokol.ScoutCampTests;
				PRODUCT_NAME = "$(TARGET_NAME)";
				SWIFT_EMIT_LOC_STRINGS = NO;
				SWIFT_VERSION = 5.0;
				TARGETED_DEVICE_FAMILY = "1,2";
				TEST_HOST = "$(BUILT_PRODUCTS_DIR)/ScoutCamp.app/$(BUNDLE_EXECUTABLE_FOLDER_PATH)/ScoutCamp";
			};
			name = Debug;
		};
		3FED54C12A365E0F00498112 /* Release */ = {
			isa = XCBuildConfiguration;
			buildSettings = {
				ALWAYS_EMBED_SWIFT_STANDARD_LIBRARIES = YES;
				BUNDLE_LOADER = "$(TEST_HOST)";
				CODE_SIGN_STYLE = Automatic;
				CURRENT_PROJECT_VERSION = 1;
				GENERATE_INFOPLIST_FILE = YES;
				IPHONEOS_DEPLOYMENT_TARGET = 16.2;
				MARKETING_VERSION = 1.0;
				PRODUCT_BUNDLE_IDENTIFIER = com.sokol.ScoutCampTests;
				PRODUCT_NAME = "$(TARGET_NAME)";
				SWIFT_EMIT_LOC_STRINGS = NO;
				SWIFT_VERSION = 5.0;
				TARGETED_DEVICE_FAMILY = "1,2";
				TEST_HOST = "$(BUILT_PRODUCTS_DIR)/ScoutCamp.app/$(BUNDLE_EXECUTABLE_FOLDER_PATH)/ScoutCamp";
			};
			name = Release;
		};
		3FED54C32A365E0F00498112 /* Debug */ = {
			isa = XCBuildConfiguration;
			buildSettings = {
				ALWAYS_EMBED_SWIFT_STANDARD_LIBRARIES = YES;
				CODE_SIGN_STYLE = Automatic;
				CURRENT_PROJECT_VERSION = 1;
				GENERATE_INFOPLIST_FILE = YES;
				MARKETING_VERSION = 1.0;
				PRODUCT_BUNDLE_IDENTIFIER = com.sokol.ScoutCampUITests;
				PRODUCT_NAME = "$(TARGET_NAME)";
				SWIFT_EMIT_LOC_STRINGS = NO;
				SWIFT_VERSION = 5.0;
				TARGETED_DEVICE_FAMILY = "1,2";
				TEST_TARGET_NAME = ScoutCamp;
			};
			name = Debug;
		};
		3FED54C42A365E0F00498112 /* Release */ = {
			isa = XCBuildConfiguration;
			buildSettings = {
				ALWAYS_EMBED_SWIFT_STANDARD_LIBRARIES = YES;
				CODE_SIGN_STYLE = Automatic;
				CURRENT_PROJECT_VERSION = 1;
				GENERATE_INFOPLIST_FILE = YES;
				MARKETING_VERSION = 1.0;
				PRODUCT_BUNDLE_IDENTIFIER = com.sokol.ScoutCampUITests;
				PRODUCT_NAME = "$(TARGET_NAME)";
				SWIFT_EMIT_LOC_STRINGS = NO;
				SWIFT_VERSION = 5.0;
				TARGETED_DEVICE_FAMILY = "1,2";
				TEST_TARGET_NAME = ScoutCamp;
			};
			name = Release;
		};
/* End XCBuildConfiguration section */

/* Begin XCConfigurationList section */
		3FED54932A365E0D00498112 /* Build configuration list for PBXProject "ScoutCamp" */ = {
			isa = XCConfigurationList;
			buildConfigurations = (
				3FED54BA2A365E0F00498112 /* Debug */,
				3FED54BB2A365E0F00498112 /* Release */,
			);
			defaultConfigurationIsVisible = 0;
			defaultConfigurationName = Release;
		};
		3FED54BC2A365E0F00498112 /* Build configuration list for PBXNativeTarget "ScoutCamp" */ = {
			isa = XCConfigurationList;
			buildConfigurations = (
				3FED54BD2A365E0F00498112 /* Debug */,
				3FED54BE2A365E0F00498112 /* Release */,
			);
			defaultConfigurationIsVisible = 0;
			defaultConfigurationName = Release;
		};
		3FED54BF2A365E0F00498112 /* Build configuration list for PBXNativeTarget "ScoutCampTests" */ = {
			isa = XCConfigurationList;
			buildConfigurations = (
				3FED54C02A365E0F00498112 /* Debug */,
				3FED54C12A365E0F00498112 /* Release */,
			);
			defaultConfigurationIsVisible = 0;
			defaultConfigurationName = Release;
		};
		3FED54C22A365E0F00498112 /* Build configuration list for PBXNativeTarget "ScoutCampUITests" */ = {
			isa = XCConfigurationList;
			buildConfigurations = (
				3FED54C32A365E0F00498112 /* Debug */,
				3FED54C42A365E0F00498112 /* Release */,
			);
			defaultConfigurationIsVisible = 0;
			defaultConfigurationName = Release;
		};
/* End XCConfigurationList section */

/* Begin XCRemoteSwiftPackageReference section */
		3F0D58F52A484BE40072EF1F /* XCRemoteSwiftPackageReference "firebase-ios-sdk" */ = {
			isa = XCRemoteSwiftPackageReference;
			repositoryURL = "https://github.com/firebase/firebase-ios-sdk";
			requirement = {
				branch = master;
				kind = branch;
			};
		};
/* End XCRemoteSwiftPackageReference section */

/* Begin XCSwiftPackageProductDependency section */
		3F0D58F62A484BE40072EF1F /* FirebaseAnalytics */ = {
			isa = XCSwiftPackageProductDependency;
			package = 3F0D58F52A484BE40072EF1F /* XCRemoteSwiftPackageReference "firebase-ios-sdk" */;
			productName = FirebaseAnalytics;
		};
		3F0D58F82A484BE40072EF1F /* FirebaseAuth */ = {
			isa = XCSwiftPackageProductDependency;
			package = 3F0D58F52A484BE40072EF1F /* XCRemoteSwiftPackageReference "firebase-ios-sdk" */;
			productName = FirebaseAuth;
		};
		3F0D58FA2A484BE40072EF1F /* FirebaseCrashlytics */ = {
			isa = XCSwiftPackageProductDependency;
			package = 3F0D58F52A484BE40072EF1F /* XCRemoteSwiftPackageReference "firebase-ios-sdk" */;
			productName = FirebaseCrashlytics;
		};
		3F1421D42AC9B09400EA364A /* FirebaseFirestoreSwift */ = {
			isa = XCSwiftPackageProductDependency;
			package = 3F0D58F52A484BE40072EF1F /* XCRemoteSwiftPackageReference "firebase-ios-sdk" */;
			productName = FirebaseFirestoreSwift;
		};
		3F3E50DE2AF1332000552CC2 /* FirebaseRemoteConfig */ = {
			isa = XCSwiftPackageProductDependency;
			package = 3F0D58F52A484BE40072EF1F /* XCRemoteSwiftPackageReference "firebase-ios-sdk" */;
			productName = FirebaseRemoteConfig;
		};
		3F3E50E02AF1332000552CC2 /* FirebaseRemoteConfigSwift */ = {
			isa = XCSwiftPackageProductDependency;
			package = 3F0D58F52A484BE40072EF1F /* XCRemoteSwiftPackageReference "firebase-ios-sdk" */;
			productName = FirebaseRemoteConfigSwift;
		};
		3F54384D2AEABB0A00C9AEB8 /* FirebaseStorage */ = {
			isa = XCSwiftPackageProductDependency;
			package = 3F0D58F52A484BE40072EF1F /* XCRemoteSwiftPackageReference "firebase-ios-sdk" */;
			productName = FirebaseStorage;
		};
		3F78A0122AC88E7000945FDE /* FirebaseFirestore */ = {
			isa = XCSwiftPackageProductDependency;
			package = 3F0D58F52A484BE40072EF1F /* XCRemoteSwiftPackageReference "firebase-ios-sdk" */;
			productName = FirebaseFirestore;
		};
/* End XCSwiftPackageProductDependency section */
	};
	rootObject = 3FED54902A365E0D00498112 /* Project object */;
}
