// !$*UTF8*$!
{
	archiveVersion = 1;
	classes = {
	};
	objectVersion = 56;
	objects = {

/* Begin PBXBuildFile section */
		3FED549C2A365E0D00498112 /* ScoutCampApp.swift in Sources */ = {isa = PBXBuildFile; fileRef = 3FED549B2A365E0D00498112 /* ScoutCampApp.swift */; };
		3FED549E2A365E0D00498112 /* ContentView.swift in Sources */ = {isa = PBXBuildFile; fileRef = 3FED549D2A365E0D00498112 /* ContentView.swift */; };
		3FED54A02A365E0E00498112 /* Assets.xcassets in Resources */ = {isa = PBXBuildFile; fileRef = 3FED549F2A365E0E00498112 /* Assets.xcassets */; };
		3FED54A32A365E0E00498112 /* Preview Assets.xcassets in Resources */ = {isa = PBXBuildFile; fileRef = 3FED54A22A365E0E00498112 /* Preview Assets.xcassets */; };
		3FED54AD2A365E0E00498112 /* ScoutCampTests.swift in Sources */ = {isa = PBXBuildFile; fileRef = 3FED54AC2A365E0E00498112 /* ScoutCampTests.swift */; };
		3FED54B72A365E0F00498112 /* ScoutCampUITests.swift in Sources */ = {isa = PBXBuildFile; fileRef = 3FED54B62A365E0F00498112 /* ScoutCampUITests.swift */; };
		3FED54B92A365E0F00498112 /* ScoutCampUITestsLaunchTests.swift in Sources */ = {isa = PBXBuildFile; fileRef = 3FED54B82A365E0F00498112 /* ScoutCampUITestsLaunchTests.swift */; };
/* End PBXBuildFile section */

/* Begin PBXContainerItemProxy section */
		3FED54A92A365E0E00498112 /* PBXContainerItemProxy */ = {
			isa = PBXContainerItemProxy;
			containerPortal = 3FED54902A365E0D00498112 /* Project object */;
			proxyType = 1;
			remoteGlobalIDString = 3FED54972A365E0D00498112;
			remoteInfo = ScoutCamp;
		};
		3FED54B32A365E0F00498112 /* PBXContainerItemProxy */ = {
			isa = PBXContainerItemProxy;
			containerPortal = 3FED54902A365E0D00498112 /* Project object */;
			proxyType = 1;
			remoteGlobalIDString = 3FED54972A365E0D00498112;
			remoteInfo = ScoutCamp;
		};
/* End PBXContainerItemProxy section */

/* Begin PBXFileReference section */
		3FED54982A365E0D00498112 /* ScoutCamp.app */ = {isa = PBXFileReference; explicitFileType = wrapper.application; includeInIndex = 0; path = ScoutCamp.app; sourceTree = BUILT_PRODUCTS_DIR; };
		3FED549B2A365E0D00498112 /* ScoutCampApp.swift */ = {isa = PBXFileReference; lastKnownFileType = sourcecode.swift; path = ScoutCampApp.swift; sourceTree = "<group>"; };
		3FED549D2A365E0D00498112 /* ContentView.swift */ = {isa = PBXFileReference; lastKnownFileType = sourcecode.swift; path = ContentView.swift; sourceTree = "<group>"; };
		3FED549F2A365E0E00498112 /* Assets.xcassets */ = {isa = PBXFileReference; lastKnownFileType = folder.assetcatalog; path = Assets.xcassets; sourceTree = "<group>"; };
		3FED54A22A365E0E00498112 /* Preview Assets.xcassets */ = {isa = PBXFileReference; lastKnownFileType = folder.assetcatalog; path = "Preview Assets.xcassets"; sourceTree = "<group>"; };
		3FED54A82A365E0E00498112 /* ScoutCampTests.xctest */ = {isa = PBXFileReference; explicitFileType = wrapper.cfbundle; includeInIndex = 0; path = ScoutCampTests.xctest; sourceTree = BUILT_PRODUCTS_DIR; };
		3FED54AC2A365E0E00498112 /* ScoutCampTests.swift */ = {isa = PBXFileReference; lastKnownFileType = sourcecode.swift; path = ScoutCampTests.swift; sourceTree = "<group>"; };
		3FED54B22A365E0F00498112 /* ScoutCampUITests.xctest */ = {isa = PBXFileReference; explicitFileType = wrapper.cfbundle; includeInIndex = 0; path = ScoutCampUITests.xctest; sourceTree = BUILT_PRODUCTS_DIR; };
		3FED54B62A365E0F00498112 /* ScoutCampUITests.swift */ = {isa = PBXFileReference; lastKnownFileType = sourcecode.swift; path = ScoutCampUITests.swift; sourceTree = "<group>"; };
		3FED54B82A365E0F00498112 /* ScoutCampUITestsLaunchTests.swift */ = {isa = PBXFileReference; lastKnownFileType = sourcecode.swift; path = ScoutCampUITestsLaunchTests.swift; sourceTree = "<group>"; };
/* End PBXFileReference section */

/* Begin PBXFrameworksBuildPhase section */
		3FED54952A365E0D00498112 /* Frameworks */ = {
			isa = PBXFrameworksBuildPhase;
			buildActionMask = 2147483647;
			files = (
			);
			runOnlyForDeploymentPostprocessing = 0;
		};
		3FED54A52A365E0E00498112 /* Frameworks */ = {
			isa = PBXFrameworksBuildPhase;
			buildActionMask = 2147483647;
			files = (
			);
			runOnlyForDeploymentPostprocessing = 0;
		};
		3FED54AF2A365E0F00498112 /* Frameworks */ = {
			isa = PBXFrameworksBuildPhase;
			buildActionMask = 2147483647;
			files = (
			);
			runOnlyForDeploymentPostprocessing = 0;
		};
/* End PBXFrameworksBuildPhase section */

/* Begin PBXGroup section */
		3FED548F2A365E0D00498112 = {
			isa = PBXGroup;
			children = (
				3FED549A2A365E0D00498112 /* ScoutCamp */,
				3FED54AB2A365E0E00498112 /* ScoutCampTests */,
				3FED54B52A365E0F00498112 /* ScoutCampUITests */,
				3FED54992A365E0D00498112 /* Products */,
			);
			sourceTree = "<group>";
		};
		3FED54992A365E0D00498112 /* Products */ = {
			isa = PBXGroup;
			children = (
				3FED54982A365E0D00498112 /* ScoutCamp.app */,
				3FED54A82A365E0E00498112 /* ScoutCampTests.xctest */,
				3FED54B22A365E0F00498112 /* ScoutCampUITests.xctest */,
			);
			name = Products;
			sourceTree = "<group>";
		};
		3FED549A2A365E0D00498112 /* ScoutCamp */ = {
			isa = PBXGroup;
			children = (
				3FED549B2A365E0D00498112 /* ScoutCampApp.swift */,
				3FED549D2A365E0D00498112 /* ContentView.swift */,
				3FED549F2A365E0E00498112 /* Assets.xcassets */,
				3FED54A12A365E0E00498112 /* Preview Content */,
			);
			path = ScoutCamp;
			sourceTree = "<group>";
		};
		3FED54A12A365E0E00498112 /* Preview Content */ = {
			isa = PBXGroup;
			children = (
				3FED54A22A365E0E00498112 /* Preview Assets.xcassets */,
			);
			path = "Preview Content";
			sourceTree = "<group>";
		};
		3FED54AB2A365E0E00498112 /* ScoutCampTests */ = {
			isa = PBXGroup;
			children = (
				3FED54AC2A365E0E00498112 /* ScoutCampTests.swift */,
			);
			path = ScoutCampTests;
			sourceTree = "<group>";
		};
		3FED54B52A365E0F00498112 /* ScoutCampUITests */ = {
			isa = PBXGroup;
			children = (
				3FED54B62A365E0F00498112 /* ScoutCampUITests.swift */,
				3FED54B82A365E0F00498112 /* ScoutCampUITestsLaunchTests.swift */,
			);
			path = ScoutCampUITests;
			sourceTree = "<group>";
		};
/* End PBXGroup section */

/* Begin PBXNativeTarget section */
		3FED54972A365E0D00498112 /* ScoutCamp */ = {
			isa = PBXNativeTarget;
			buildConfigurationList = 3FED54BC2A365E0F00498112 /* Build configuration list for PBXNativeTarget "ScoutCamp" */;
			buildPhases = (
				3FED54942A365E0D00498112 /* Sources */,
				3FED54952A365E0D00498112 /* Frameworks */,
				3FED54962A365E0D00498112 /* Resources */,
			);
			buildRules = (
			);
			dependencies = (
			);
			name = ScoutCamp;
			productName = ScoutCamp;
			productReference = 3FED54982A365E0D00498112 /* ScoutCamp.app */;
			productType = "com.apple.product-type.application";
		};
		3FED54A72A365E0E00498112 /* ScoutCampTests */ = {
			isa = PBXNativeTarget;
			buildConfigurationList = 3FED54BF2A365E0F00498112 /* Build configuration list for PBXNativeTarget "ScoutCampTests" */;
			buildPhases = (
				3FED54A42A365E0E00498112 /* Sources */,
				3FED54A52A365E0E00498112 /* Frameworks */,
				3FED54A62A365E0E00498112 /* Resources */,
			);
			buildRules = (
			);
			dependencies = (
				3FED54AA2A365E0E00498112 /* PBXTargetDependency */,
			);
			name = ScoutCampTests;
			productName = ScoutCampTests;
			productReference = 3FED54A82A365E0E00498112 /* ScoutCampTests.xctest */;
			productType = "com.apple.product-type.bundle.unit-test";
		};
		3FED54B12A365E0F00498112 /* ScoutCampUITests */ = {
			isa = PBXNativeTarget;
			buildConfigurationList = 3FED54C22A365E0F00498112 /* Build configuration list for PBXNativeTarget "ScoutCampUITests" */;
			buildPhases = (
				3FED54AE2A365E0F00498112 /* Sources */,
				3FED54AF2A365E0F00498112 /* Frameworks */,
				3FED54B02A365E0F00498112 /* Resources */,
			);
			buildRules = (
			);
			dependencies = (
				3FED54B42A365E0F00498112 /* PBXTargetDependency */,
			);
			name = ScoutCampUITests;
			productName = ScoutCampUITests;
			productReference = 3FED54B22A365E0F00498112 /* ScoutCampUITests.xctest */;
			productType = "com.apple.product-type.bundle.ui-testing";
		};
/* End PBXNativeTarget section */

/* Begin PBXProject section */
		3FED54902A365E0D00498112 /* Project object */ = {
			isa = PBXProject;
			attributes = {
				BuildIndependentTargetsInParallel = 1;
				LastSwiftUpdateCheck = 1420;
				LastUpgradeCheck = 1420;
				TargetAttributes = {
					3FED54972A365E0D00498112 = {
						CreatedOnToolsVersion = 14.2;
					};
					3FED54A72A365E0E00498112 = {
						CreatedOnToolsVersion = 14.2;
						TestTargetID = 3FED54972A365E0D00498112;
					};
					3FED54B12A365E0F00498112 = {
						CreatedOnToolsVersion = 14.2;
						TestTargetID = 3FED54972A365E0D00498112;
					};
				};
			};
			buildConfigurationList = 3FED54932A365E0D00498112 /* Build configuration list for PBXProject "ScoutCamp" */;
			compatibilityVersion = "Xcode 14.0";
			developmentRegion = en;
			hasScannedForEncodings = 0;
			knownRegions = (
				en,
				Base,
			);
			mainGroup = 3FED548F2A365E0D00498112;
			productRefGroup = 3FED54992A365E0D00498112 /* Products */;
			projectDirPath = "";
			projectRoot = "";
			targets = (
				3FED54972A365E0D00498112 /* ScoutCamp */,
				3FED54A72A365E0E00498112 /* ScoutCampTests */,
				3FED54B12A365E0F00498112 /* ScoutCampUITests */,
			);
		};
/* End PBXProject section */

/* Begin PBXResourcesBuildPhase section */
		3FED54962A365E0D00498112 /* Resources */ = {
			isa = PBXResourcesBuildPhase;
			buildActionMask = 2147483647;
			files = (
				3FED54A32A365E0E00498112 /* Preview Assets.xcassets in Resources */,
				3FED54A02A365E0E00498112 /* Assets.xcassets in Resources */,
			);
			runOnlyForDeploymentPostprocessing = 0;
		};
		3FED54A62A365E0E00498112 /* Resources */ = {
			isa = PBXResourcesBuildPhase;
			buildActionMask = 2147483647;
			files = (
			);
			runOnlyForDeploymentPostprocessing = 0;
		};
		3FED54B02A365E0F00498112 /* Resources */ = {
			isa = PBXResourcesBuildPhase;
			buildActionMask = 2147483647;
			files = (
			);
			runOnlyForDeploymentPostprocessing = 0;
		};
/* End PBXResourcesBuildPhase section */

/* Begin PBXSourcesBuildPhase section */
		3FED54942A365E0D00498112 /* Sources */ = {
			isa = PBXSourcesBuildPhase;
			buildActionMask = 2147483647;
			files = (
				3FED549E2A365E0D00498112 /* ContentView.swift in Sources */,
				3FED549C2A365E0D00498112 /* ScoutCampApp.swift in Sources */,
			);
			runOnlyForDeploymentPostprocessing = 0;
		};
		3FED54A42A365E0E00498112 /* Sources */ = {
			isa = PBXSourcesBuildPhase;
			buildActionMask = 2147483647;
			files = (
				3FED54AD2A365E0E00498112 /* ScoutCampTests.swift in Sources */,
			);
			runOnlyForDeploymentPostprocessing = 0;
		};
		3FED54AE2A365E0F00498112 /* Sources */ = {
			isa = PBXSourcesBuildPhase;
			buildActionMask = 2147483647;
			files = (
				3FED54B92A365E0F00498112 /* ScoutCampUITestsLaunchTests.swift in Sources */,
				3FED54B72A365E0F00498112 /* ScoutCampUITests.swift in Sources */,
			);
			runOnlyForDeploymentPostprocessing = 0;
		};
/* End PBXSourcesBuildPhase section */

/* Begin PBXTargetDependency section */
		3FED54AA2A365E0E00498112 /* PBXTargetDependency */ = {
			isa = PBXTargetDependency;
			target = 3FED54972A365E0D00498112 /* ScoutCamp */;
			targetProxy = 3FED54A92A365E0E00498112 /* PBXContainerItemProxy */;
		};
		3FED54B42A365E0F00498112 /* PBXTargetDependency */ = {
			isa = PBXTargetDependency;
			target = 3FED54972A365E0D00498112 /* ScoutCamp */;
			targetProxy = 3FED54B32A365E0F00498112 /* PBXContainerItemProxy */;
		};
/* End PBXTargetDependency section */

/* Begin XCBuildConfiguration section */
		3FED54BA2A365E0F00498112 /* Debug */ = {
			isa = XCBuildConfiguration;
			buildSettings = {
				ALWAYS_SEARCH_USER_PATHS = NO;
				CLANG_ANALYZER_NONNULL = YES;
				CLANG_ANALYZER_NUMBER_OBJECT_CONVERSION = YES_AGGRESSIVE;
				CLANG_CXX_LANGUAGE_STANDARD = "gnu++20";
				CLANG_ENABLE_MODULES = YES;
				CLANG_ENABLE_OBJC_ARC = YES;
				CLANG_ENABLE_OBJC_WEAK = YES;
				CLANG_WARN_BLOCK_CAPTURE_AUTORELEASING = YES;
				CLANG_WARN_BOOL_CONVERSION = YES;
				CLANG_WARN_COMMA = YES;
				CLANG_WARN_CONSTANT_CONVERSION = YES;
				CLANG_WARN_DEPRECATED_OBJC_IMPLEMENTATIONS = YES;
				CLANG_WARN_DIRECT_OBJC_ISA_USAGE = YES_ERROR;
				CLANG_WARN_DOCUMENTATION_COMMENTS = YES;
				CLANG_WARN_EMPTY_BODY = YES;
				CLANG_WARN_ENUM_CONVERSION = YES;
				CLANG_WARN_INFINITE_RECURSION = YES;
				CLANG_WARN_INT_CONVERSION = YES;
				CLANG_WARN_NON_LITERAL_NULL_CONVERSION = YES;
				CLANG_WARN_OBJC_IMPLICIT_RETAIN_SELF = YES;
				CLANG_WARN_OBJC_LITERAL_CONVERSION = YES;
				CLANG_WARN_OBJC_ROOT_CLASS = YES_ERROR;
				CLANG_WARN_QUOTED_INCLUDE_IN_FRAMEWORK_HEADER = YES;
				CLANG_WARN_RANGE_LOOP_ANALYSIS = YES;
				CLANG_WARN_STRICT_PROTOTYPES = YES;
				CLANG_WARN_SUSPICIOUS_MOVE = YES;
				CLANG_WARN_UNGUARDED_AVAILABILITY = YES_AGGRESSIVE;
				CLANG_WARN_UNREACHABLE_CODE = YES;
				CLANG_WARN__DUPLICATE_METHOD_MATCH = YES;
				COPY_PHASE_STRIP = NO;
				DEBUG_INFORMATION_FORMAT = dwarf;
				ENABLE_STRICT_OBJC_MSGSEND = YES;
				ENABLE_TESTABILITY = YES;
				GCC_C_LANGUAGE_STANDARD = gnu11;
				GCC_DYNAMIC_NO_PIC = NO;
				GCC_NO_COMMON_BLOCKS = YES;
				GCC_OPTIMIZATION_LEVEL = 0;
				GCC_PREPROCESSOR_DEFINITIONS = (
					"DEBUG=1",
					"$(inherited)",
				);
				GCC_WARN_64_TO_32_BIT_CONVERSION = YES;
				GCC_WARN_ABOUT_RETURN_TYPE = YES_ERROR;
				GCC_WARN_UNDECLARED_SELECTOR = YES;
				GCC_WARN_UNINITIALIZED_AUTOS = YES_AGGRESSIVE;
				GCC_WARN_UNUSED_FUNCTION = YES;
				GCC_WARN_UNUSED_VARIABLE = YES;
				IPHONEOS_DEPLOYMENT_TARGET = 16.2;
				MTL_ENABLE_DEBUG_INFO = INCLUDE_SOURCE;
				MTL_FAST_MATH = YES;
				ONLY_ACTIVE_ARCH = YES;
				SDKROOT = iphoneos;
				SWIFT_ACTIVE_COMPILATION_CONDITIONS = DEBUG;
				SWIFT_OPTIMIZATION_LEVEL = "-Onone";
			};
			name = Debug;
		};
		3FED54BB2A365E0F00498112 /* Release */ = {
			isa = XCBuildConfiguration;
			buildSettings = {
				ALWAYS_SEARCH_USER_PATHS = NO;
				CLANG_ANALYZER_NONNULL = YES;
				CLANG_ANALYZER_NUMBER_OBJECT_CONVERSION = YES_AGGRESSIVE;
				CLANG_CXX_LANGUAGE_STANDARD = "gnu++20";
				CLANG_ENABLE_MODULES = YES;
				CLANG_ENABLE_OBJC_ARC = YES;
				CLANG_ENABLE_OBJC_WEAK = YES;
				CLANG_WARN_BLOCK_CAPTURE_AUTORELEASING = YES;
				CLANG_WARN_BOOL_CONVERSION = YES;
				CLANG_WARN_COMMA = YES;
				CLANG_WARN_CONSTANT_CONVERSION = YES;
				CLANG_WARN_DEPRECATED_OBJC_IMPLEMENTATIONS = YES;
				CLANG_WARN_DIRECT_OBJC_ISA_USAGE = YES_ERROR;
				CLANG_WARN_DOCUMENTATION_COMMENTS = YES;
				CLANG_WARN_EMPTY_BODY = YES;
				CLANG_WARN_ENUM_CONVERSION = YES;
				CLANG_WARN_INFINITE_RECURSION = YES;
				CLANG_WARN_INT_CONVERSION = YES;
				CLANG_WARN_NON_LITERAL_NULL_CONVERSION = YES;
				CLANG_WARN_OBJC_IMPLICIT_RETAIN_SELF = YES;
				CLANG_WARN_OBJC_LITERAL_CONVERSION = YES;
				CLANG_WARN_OBJC_ROOT_CLASS = YES_ERROR;
				CLANG_WARN_QUOTED_INCLUDE_IN_FRAMEWORK_HEADER = YES;
				CLANG_WARN_RANGE_LOOP_ANALYSIS = YES;
				CLANG_WARN_STRICT_PROTOTYPES = YES;
				CLANG_WARN_SUSPICIOUS_MOVE = YES;
				CLANG_WARN_UNGUARDED_AVAILABILITY = YES_AGGRESSIVE;
				CLANG_WARN_UNREACHABLE_CODE = YES;
				CLANG_WARN__DUPLICATE_METHOD_MATCH = YES;
				COPY_PHASE_STRIP = NO;
				DEBUG_INFORMATION_FORMAT = "dwarf-with-dsym";
				ENABLE_NS_ASSERTIONS = NO;
				ENABLE_STRICT_OBJC_MSGSEND = YES;
				GCC_C_LANGUAGE_STANDARD = gnu11;
				GCC_NO_COMMON_BLOCKS = YES;
				GCC_WARN_64_TO_32_BIT_CONVERSION = YES;
				GCC_WARN_ABOUT_RETURN_TYPE = YES_ERROR;
				GCC_WARN_UNDECLARED_SELECTOR = YES;
				GCC_WARN_UNINITIALIZED_AUTOS = YES_AGGRESSIVE;
				GCC_WARN_UNUSED_FUNCTION = YES;
				GCC_WARN_UNUSED_VARIABLE = YES;
				IPHONEOS_DEPLOYMENT_TARGET = 16.2;
				MTL_ENABLE_DEBUG_INFO = NO;
				MTL_FAST_MATH = YES;
				SDKROOT = iphoneos;
				SWIFT_COMPILATION_MODE = wholemodule;
				SWIFT_OPTIMIZATION_LEVEL = "-O";
				VALIDATE_PRODUCT = YES;
			};
			name = Release;
		};
		3FED54BD2A365E0F00498112 /* Debug */ = {
			isa = XCBuildConfiguration;
			buildSettings = {
				ASSETCATALOG_COMPILER_APPICON_NAME = AppIcon;
				ASSETCATALOG_COMPILER_GLOBAL_ACCENT_COLOR_NAME = AccentColor;
				CODE_SIGN_STYLE = Automatic;
				CURRENT_PROJECT_VERSION = 1;
				DEVELOPMENT_ASSET_PATHS = "\"ScoutCamp/Preview Content\"";
				ENABLE_PREVIEWS = YES;
				GENERATE_INFOPLIST_FILE = YES;
				INFOPLIST_KEY_UIApplicationSceneManifest_Generation = YES;
				INFOPLIST_KEY_UIApplicationSupportsIndirectInputEvents = YES;
				INFOPLIST_KEY_UILaunchScreen_Generation = YES;
				INFOPLIST_KEY_UISupportedInterfaceOrientations_iPad = "UIInterfaceOrientationPortrait UIInterfaceOrientationPortraitUpsideDown UIInterfaceOrientationLandscapeLeft UIInterfaceOrientationLandscapeRight";
				INFOPLIST_KEY_UISupportedInterfaceOrientations_iPhone = "UIInterfaceOrientationPortrait UIInterfaceOrientationLandscapeLeft UIInterfaceOrientationLandscapeRight";
				LD_RUNPATH_SEARCH_PATHS = (
					"$(inherited)",
					"@executable_path/Frameworks",
				);
				MARKETING_VERSION = 1.0;
				PRODUCT_BUNDLE_IDENTIFIER = com.sokol.ScoutCamp;
				PRODUCT_NAME = "$(TARGET_NAME)";
				SWIFT_EMIT_LOC_STRINGS = YES;
				SWIFT_VERSION = 5.0;
				TARGETED_DEVICE_FAMILY = "1,2";
			};
			name = Debug;
		};
		3FED54BE2A365E0F00498112 /* Release */ = {
			isa = XCBuildConfiguration;
			buildSettings = {
				ASSETCATALOG_COMPILER_APPICON_NAME = AppIcon;
				ASSETCATALOG_COMPILER_GLOBAL_ACCENT_COLOR_NAME = AccentColor;
				CODE_SIGN_STYLE = Automatic;
				CURRENT_PROJECT_VERSION = 1;
				DEVELOPMENT_ASSET_PATHS = "\"ScoutCamp/Preview Content\"";
				ENABLE_PREVIEWS = YES;
				GENERATE_INFOPLIST_FILE = YES;
				INFOPLIST_KEY_UIApplicationSceneManifest_Generation = YES;
				INFOPLIST_KEY_UIApplicationSupportsIndirectInputEvents = YES;
				INFOPLIST_KEY_UILaunchScreen_Generation = YES;
				INFOPLIST_KEY_UISupportedInterfaceOrientations_iPad = "UIInterfaceOrientationPortrait UIInterfaceOrientationPortraitUpsideDown UIInterfaceOrientationLandscapeLeft UIInterfaceOrientationLandscapeRight";
				INFOPLIST_KEY_UISupportedInterfaceOrientations_iPhone = "UIInterfaceOrientationPortrait UIInterfaceOrientationLandscapeLeft UIInterfaceOrientationLandscapeRight";
				LD_RUNPATH_SEARCH_PATHS = (
					"$(inherited)",
					"@executable_path/Frameworks",
				);
				MARKETING_VERSION = 1.0;
				PRODUCT_BUNDLE_IDENTIFIER = com.sokol.ScoutCamp;
				PRODUCT_NAME = "$(TARGET_NAME)";
				SWIFT_EMIT_LOC_STRINGS = YES;
				SWIFT_VERSION = 5.0;
				TARGETED_DEVICE_FAMILY = "1,2";
			};
			name = Release;
		};
		3FED54C02A365E0F00498112 /* Debug */ = {
			isa = XCBuildConfiguration;
			buildSettings = {
				ALWAYS_EMBED_SWIFT_STANDARD_LIBRARIES = YES;
				BUNDLE_LOADER = "$(TEST_HOST)";
				CODE_SIGN_STYLE = Automatic;
				CURRENT_PROJECT_VERSION = 1;
				GENERATE_INFOPLIST_FILE = YES;
				IPHONEOS_DEPLOYMENT_TARGET = 16.2;
				MARKETING_VERSION = 1.0;
				PRODUCT_BUNDLE_IDENTIFIER = com.sokol.ScoutCampTests;
				PRODUCT_NAME = "$(TARGET_NAME)";
				SWIFT_EMIT_LOC_STRINGS = NO;
				SWIFT_VERSION = 5.0;
				TARGETED_DEVICE_FAMILY = "1,2";
				TEST_HOST = "$(BUILT_PRODUCTS_DIR)/ScoutCamp.app/$(BUNDLE_EXECUTABLE_FOLDER_PATH)/ScoutCamp";
			};
			name = Debug;
		};
		3FED54C12A365E0F00498112 /* Release */ = {
			isa = XCBuildConfiguration;
			buildSettings = {
				ALWAYS_EMBED_SWIFT_STANDARD_LIBRARIES = YES;
				BUNDLE_LOADER = "$(TEST_HOST)";
				CODE_SIGN_STYLE = Automatic;
				CURRENT_PROJECT_VERSION = 1;
				GENERATE_INFOPLIST_FILE = YES;
				IPHONEOS_DEPLOYMENT_TARGET = 16.2;
				MARKETING_VERSION = 1.0;
				PRODUCT_BUNDLE_IDENTIFIER = com.sokol.ScoutCampTests;
				PRODUCT_NAME = "$(TARGET_NAME)";
				SWIFT_EMIT_LOC_STRINGS = NO;
				SWIFT_VERSION = 5.0;
				TARGETED_DEVICE_FAMILY = "1,2";
				TEST_HOST = "$(BUILT_PRODUCTS_DIR)/ScoutCamp.app/$(BUNDLE_EXECUTABLE_FOLDER_PATH)/ScoutCamp";
			};
			name = Release;
		};
		3FED54C32A365E0F00498112 /* Debug */ = {
			isa = XCBuildConfiguration;
			buildSettings = {
				ALWAYS_EMBED_SWIFT_STANDARD_LIBRARIES = YES;
				CODE_SIGN_STYLE = Automatic;
				CURRENT_PROJECT_VERSION = 1;
				GENERATE_INFOPLIST_FILE = YES;
				MARKETING_VERSION = 1.0;
				PRODUCT_BUNDLE_IDENTIFIER = com.sokol.ScoutCampUITests;
				PRODUCT_NAME = "$(TARGET_NAME)";
				SWIFT_EMIT_LOC_STRINGS = NO;
				SWIFT_VERSION = 5.0;
				TARGETED_DEVICE_FAMILY = "1,2";
				TEST_TARGET_NAME = ScoutCamp;
			};
			name = Debug;
		};
		3FED54C42A365E0F00498112 /* Release */ = {
			isa = XCBuildConfiguration;
			buildSettings = {
				ALWAYS_EMBED_SWIFT_STANDARD_LIBRARIES = YES;
				CODE_SIGN_STYLE = Automatic;
				CURRENT_PROJECT_VERSION = 1;
				GENERATE_INFOPLIST_FILE = YES;
				MARKETING_VERSION = 1.0;
				PRODUCT_BUNDLE_IDENTIFIER = com.sokol.ScoutCampUITests;
				PRODUCT_NAME = "$(TARGET_NAME)";
				SWIFT_EMIT_LOC_STRINGS = NO;
				SWIFT_VERSION = 5.0;
				TARGETED_DEVICE_FAMILY = "1,2";
				TEST_TARGET_NAME = ScoutCamp;
			};
			name = Release;
		};
/* End XCBuildConfiguration section */

/* Begin XCConfigurationList section */
		3FED54932A365E0D00498112 /* Build configuration list for PBXProject "ScoutCamp" */ = {
			isa = XCConfigurationList;
			buildConfigurations = (
				3FED54BA2A365E0F00498112 /* Debug */,
				3FED54BB2A365E0F00498112 /* Release */,
			);
			defaultConfigurationIsVisible = 0;
			defaultConfigurationName = Release;
		};
		3FED54BC2A365E0F00498112 /* Build configuration list for PBXNativeTarget "ScoutCamp" */ = {
			isa = XCConfigurationList;
			buildConfigurations = (
				3FED54BD2A365E0F00498112 /* Debug */,
				3FED54BE2A365E0F00498112 /* Release */,
			);
			defaultConfigurationIsVisible = 0;
			defaultConfigurationName = Release;
		};
		3FED54BF2A365E0F00498112 /* Build configuration list for PBXNativeTarget "ScoutCampTests" */ = {
			isa = XCConfigurationList;
			buildConfigurations = (
				3FED54C02A365E0F00498112 /* Debug */,
				3FED54C12A365E0F00498112 /* Release */,
			);
			defaultConfigurationIsVisible = 0;
			defaultConfigurationName = Release;
		};
		3FED54C22A365E0F00498112 /* Build configuration list for PBXNativeTarget "ScoutCampUITests" */ = {
			isa = XCConfigurationList;
			buildConfigurations = (
				3FED54C32A365E0F00498112 /* Debug */,
				3FED54C42A365E0F00498112 /* Release */,
			);
			defaultConfigurationIsVisible = 0;
			defaultConfigurationName = Release;
		};
/* End XCConfigurationList section */
	};
	rootObject = 3FED54902A365E0D00498112 /* Project object */;
}
